
Microsoft Visual Studio Solution File, Format Version 11.00
# Visual Studio 2010
Project("{FAE04EC0-301F-11D3-BF4B-00C04F79EFBC}") = "SemanticLib.UI.Compiler", "SemanticLib.UI.Compiler\SemanticLib.UI.Compiler.csproj", "{2168F861-FFA4-4956-BF74-3D0BBAFDF257}"
EndProject
Project("{FAE04EC0-301F-11D3-BF4B-00C04F79EFBC}") = "SemanticLib", "SemanticLib\SemanticLib.csproj", "{A8EF7F05-C852-4559-9EF3-E4FB56CC4469}"
EndProject
Project("{FAE04EC0-301F-11D3-BF4B-00C04F79EFBC}") = "SemanticLib.UI.GUIInterpreter", "SemanticLib.UI.GUIInterpreter\SemanticLib.UI.GUIInterpreter.csproj", "{960F6497-0F67-4868-9DE6-F7402A268403}"
EndProject
Project("{FAE04EC0-301F-11D3-BF4B-00C04F79EFBC}") = "SemanticLib.UI.CUIInterpreter", "SemanticLib.UI.CUIInterpreter\SemanticLib.UI.CUIInterpreter.csproj", "{008A9E60-A7EE-4778-BC5C-FE6BE19192EA}"
EndProject
Project("{FAE04EC0-301F-11D3-BF4B-00C04F79EFBC}") = "SemanticLib.CodeWork", "SemanticLib.Interpreter\SemanticLib.CodeWork.csproj", "{6AE26A2F-5F22-4AEF-AA58-48C678B53C76}"
EndProject
Project("{FAE04EC0-301F-11D3-BF4B-00C04F79EFBC}") = "SemanticLib.OpenXmlSdkPlugin", "SemanticLib.OpenXmlSdkPlugin\SemanticLib.OpenXmlSdkPlugin.csproj", "{BE23E486-DE59-429E-BB20-CBCA8F6E2690}"
EndProject
Project("{FAE04EC0-301F-11D3-BF4B-00C04F79EFBC}") = "SemanticLib.OdfDomPlugin", "SemanticLib.OdfDomPlugin\SemanticLib.OdfDomPlugin.csproj", "{A7A905B3-6497-4846-862F-82439BA5C891}"
EndProject
Project("{FAE04EC0-301F-11D3-BF4B-00C04F79EFBC}") = "SemanticLib.UI.DocumentBrowser", "SemanticLib.UI.DocumentBrowser\SemanticLib.UI.DocumentBrowser.csproj", "{3C0FB7E9-257D-409F-A7F2-B8E23173917D}"
EndProject
Project("{FAE04EC0-301F-11D3-BF4B-00C04F79EFBC}") = "SemanticLib.Tests", "SemanticLib.Tests\SemanticLib.Tests.csproj", "{53B7620B-EB36-4D10-9A2C-B25807089EF3}"
EndProject
Project("{8BC9CEB8-8B4A-11D0-8D11-00A0C91BC942}") = "SemanticLib.LibOpcPlugin", "SemanticLib.LibOpcPlugin\SemanticLib.LibOpcPlugin.vcxproj", "{12C02B39-CB6C-4E3A-A8FB-5C2FBD0078EC}"
EndProject
Project("{FAE04EC0-301F-11D3-BF4B-00C04F79EFBC}") = "SemanticLib.Examples", "SemanticLib.Examples\SemanticLib.Examples.csproj", "{DA5B1F03-4451-467B-8E17-1CE058EC3304}"
EndProject
Project("{8BC9CEB8-8B4A-11D0-8D11-00A0C91BC942}") = "SemanticLib.ShellExtension", "SemanticLib.ShellExtension\SemanticLib.ShellExtension.vcxproj", "{3D1EDCCE-C4D7-4E77-9E1C-1A689D188A9A}"
EndProject
Project("{930C7802-8A8C-48F9-8165-68863BCCD9DD}") = "SemanticLib.Installer", "SemanticLib.Installer\SemanticLib.Installer.wixproj", "{4EA86387-B057-402E-87CE-91D13AB661BD}"
EndProject
Project("{FAE04EC0-301F-11D3-BF4B-00C04F79EFBC}") = "SemanticLib.UI.Resources", "SemanticLib.UI.Resources\SemanticLib.UI.Resources.csproj", "{0CE7E319-6FA9-4F43-8F0D-63CF432C3B3B}"
EndProject
Global
	GlobalSection(TestCaseManagementSettings) = postSolution
		CategoryFile = SemanticLib.vsmdi
	EndGlobalSection
	GlobalSection(SolutionConfigurationPlatforms) = preSolution
		Core.Debug|Any CPU = Core.Debug|Any CPU
		Core.Debug|Mixed Platforms = Core.Debug|Mixed Platforms
		Core.Debug|Win32 = Core.Debug|Win32
		Core.Debug|x64 = Core.Debug|x64
		Core.Debug|x86 = Core.Debug|x86
		Core.Release|Any CPU = Core.Release|Any CPU
		Core.Release|Mixed Platforms = Core.Release|Mixed Platforms
		Core.Release|Win32 = Core.Release|Win32
		Core.Release|x64 = Core.Release|x64
		Core.Release|x86 = Core.Release|x86
		Debug|Any CPU = Debug|Any CPU
		Debug|Mixed Platforms = Debug|Mixed Platforms
		Debug|Win32 = Debug|Win32
		Debug|x64 = Debug|x64
		Debug|x86 = Debug|x86
		Full.Debug|Any CPU = Full.Debug|Any CPU
		Full.Debug|Mixed Platforms = Full.Debug|Mixed Platforms
		Full.Debug|Win32 = Full.Debug|Win32
		Full.Debug|x64 = Full.Debug|x64
		Full.Debug|x86 = Full.Debug|x86
		Full.Release|Any CPU = Full.Release|Any CPU
		Full.Release|Mixed Platforms = Full.Release|Mixed Platforms
		Full.Release|Win32 = Full.Release|Win32
		Full.Release|x64 = Full.Release|x64
		Full.Release|x86 = Full.Release|x86
		Interpreter.Debug|Any CPU = Interpreter.Debug|Any CPU
		Interpreter.Debug|Mixed Platforms = Interpreter.Debug|Mixed Platforms
		Interpreter.Debug|Win32 = Interpreter.Debug|Win32
		Interpreter.Debug|x64 = Interpreter.Debug|x64
		Interpreter.Debug|x86 = Interpreter.Debug|x86
		Interpreter.Release|Any CPU = Interpreter.Release|Any CPU
		Interpreter.Release|Mixed Platforms = Interpreter.Release|Mixed Platforms
		Interpreter.Release|Win32 = Interpreter.Release|Win32
		Interpreter.Release|x64 = Interpreter.Release|x64
		Interpreter.Release|x86 = Interpreter.Release|x86
		Plugins.Debug|Any CPU = Plugins.Debug|Any CPU
		Plugins.Debug|Mixed Platforms = Plugins.Debug|Mixed Platforms
		Plugins.Debug|Win32 = Plugins.Debug|Win32
		Plugins.Debug|x64 = Plugins.Debug|x64
		Plugins.Debug|x86 = Plugins.Debug|x86
		Plugins.Release|Any CPU = Plugins.Release|Any CPU
		Plugins.Release|Mixed Platforms = Plugins.Release|Mixed Platforms
		Plugins.Release|Win32 = Plugins.Release|Win32
		Plugins.Release|x64 = Plugins.Release|x64
		Plugins.Release|x86 = Plugins.Release|x86
		Release|Any CPU = Release|Any CPU
		Release|Mixed Platforms = Release|Mixed Platforms
		Release|Win32 = Release|Win32
		Release|x64 = Release|x64
		Release|x86 = Release|x86
	EndGlobalSection
	GlobalSection(ProjectConfigurationPlatforms) = postSolution
		{2168F861-FFA4-4956-BF74-3D0BBAFDF257}.Core.Debug|Any CPU.ActiveCfg = Debug|x86
		{2168F861-FFA4-4956-BF74-3D0BBAFDF257}.Core.Debug|Mixed Platforms.ActiveCfg = Debug|x86
		{2168F861-FFA4-4956-BF74-3D0BBAFDF257}.Core.Debug|Mixed Platforms.Build.0 = Debug|x86
		{2168F861-FFA4-4956-BF74-3D0BBAFDF257}.Core.Debug|Win32.ActiveCfg = Debug|x86
		{2168F861-FFA4-4956-BF74-3D0BBAFDF257}.Core.Debug|x64.ActiveCfg = Debug|x86
		{2168F861-FFA4-4956-BF74-3D0BBAFDF257}.Core.Debug|x86.ActiveCfg = Debug|x86
		{2168F861-FFA4-4956-BF74-3D0BBAFDF257}.Core.Debug|x86.Build.0 = Debug|x86
		{2168F861-FFA4-4956-BF74-3D0BBAFDF257}.Core.Release|Any CPU.ActiveCfg = Release|x86
		{2168F861-FFA4-4956-BF74-3D0BBAFDF257}.Core.Release|Mixed Platforms.ActiveCfg = Release|x86
		{2168F861-FFA4-4956-BF74-3D0BBAFDF257}.Core.Release|Mixed Platforms.Build.0 = Release|x86
		{2168F861-FFA4-4956-BF74-3D0BBAFDF257}.Core.Release|Win32.ActiveCfg = Release|x86
		{2168F861-FFA4-4956-BF74-3D0BBAFDF257}.Core.Release|x64.ActiveCfg = Release|x86
		{2168F861-FFA4-4956-BF74-3D0BBAFDF257}.Core.Release|x86.ActiveCfg = Release|x86
		{2168F861-FFA4-4956-BF74-3D0BBAFDF257}.Core.Release|x86.Build.0 = Release|x86
		{2168F861-FFA4-4956-BF74-3D0BBAFDF257}.Debug|Any CPU.ActiveCfg = Debug|x86
		{2168F861-FFA4-4956-BF74-3D0BBAFDF257}.Debug|Mixed Platforms.ActiveCfg = Debug|x86
		{2168F861-FFA4-4956-BF74-3D0BBAFDF257}.Debug|Mixed Platforms.Build.0 = Debug|x86
		{2168F861-FFA4-4956-BF74-3D0BBAFDF257}.Debug|Win32.ActiveCfg = Debug|x86
		{2168F861-FFA4-4956-BF74-3D0BBAFDF257}.Debug|x64.ActiveCfg = Debug|x86
		{2168F861-FFA4-4956-BF74-3D0BBAFDF257}.Debug|x86.ActiveCfg = Debug|x86
		{2168F861-FFA4-4956-BF74-3D0BBAFDF257}.Debug|x86.Build.0 = Debug|x86
		{2168F861-FFA4-4956-BF74-3D0BBAFDF257}.Full.Debug|Any CPU.ActiveCfg = Debug|x86
		{2168F861-FFA4-4956-BF74-3D0BBAFDF257}.Full.Debug|Mixed Platforms.ActiveCfg = Debug|x86
		{2168F861-FFA4-4956-BF74-3D0BBAFDF257}.Full.Debug|Win32.ActiveCfg = Debug|x86
		{2168F861-FFA4-4956-BF74-3D0BBAFDF257}.Full.Debug|x64.ActiveCfg = Debug|x86
		{2168F861-FFA4-4956-BF74-3D0BBAFDF257}.Full.Debug|x86.ActiveCfg = Debug|x86
		{2168F861-FFA4-4956-BF74-3D0BBAFDF257}.Full.Debug|x86.Build.0 = Debug|x86
		{2168F861-FFA4-4956-BF74-3D0BBAFDF257}.Full.Release|Any CPU.ActiveCfg = Release|x86
		{2168F861-FFA4-4956-BF74-3D0BBAFDF257}.Full.Release|Mixed Platforms.ActiveCfg = Release|x86
		{2168F861-FFA4-4956-BF74-3D0BBAFDF257}.Full.Release|Mixed Platforms.Build.0 = Release|x86
		{2168F861-FFA4-4956-BF74-3D0BBAFDF257}.Full.Release|Win32.ActiveCfg = Release|x86
		{2168F861-FFA4-4956-BF74-3D0BBAFDF257}.Full.Release|x64.ActiveCfg = Release|x86
		{2168F861-FFA4-4956-BF74-3D0BBAFDF257}.Full.Release|x86.ActiveCfg = Release|x86
		{2168F861-FFA4-4956-BF74-3D0BBAFDF257}.Full.Release|x86.Build.0 = Release|x86
		{2168F861-FFA4-4956-BF74-3D0BBAFDF257}.Interpreter.Debug|Any CPU.ActiveCfg = Debug|x86
		{2168F861-FFA4-4956-BF74-3D0BBAFDF257}.Interpreter.Debug|Mixed Platforms.ActiveCfg = Debug|x86
		{2168F861-FFA4-4956-BF74-3D0BBAFDF257}.Interpreter.Debug|Mixed Platforms.Build.0 = Debug|x86
		{2168F861-FFA4-4956-BF74-3D0BBAFDF257}.Interpreter.Debug|Win32.ActiveCfg = Debug|x86
		{2168F861-FFA4-4956-BF74-3D0BBAFDF257}.Interpreter.Debug|x64.ActiveCfg = Debug|x86
		{2168F861-FFA4-4956-BF74-3D0BBAFDF257}.Interpreter.Debug|x86.ActiveCfg = Debug|x86
		{2168F861-FFA4-4956-BF74-3D0BBAFDF257}.Interpreter.Debug|x86.Build.0 = Debug|x86
		{2168F861-FFA4-4956-BF74-3D0BBAFDF257}.Interpreter.Release|Any CPU.ActiveCfg = Release|x86
		{2168F861-FFA4-4956-BF74-3D0BBAFDF257}.Interpreter.Release|Mixed Platforms.ActiveCfg = Release|x86
		{2168F861-FFA4-4956-BF74-3D0BBAFDF257}.Interpreter.Release|Mixed Platforms.Build.0 = Release|x86
		{2168F861-FFA4-4956-BF74-3D0BBAFDF257}.Interpreter.Release|Win32.ActiveCfg = Release|x86
		{2168F861-FFA4-4956-BF74-3D0BBAFDF257}.Interpreter.Release|x64.ActiveCfg = Release|x86
		{2168F861-FFA4-4956-BF74-3D0BBAFDF257}.Interpreter.Release|x86.ActiveCfg = Release|x86
		{2168F861-FFA4-4956-BF74-3D0BBAFDF257}.Interpreter.Release|x86.Build.0 = Release|x86
		{2168F861-FFA4-4956-BF74-3D0BBAFDF257}.Plugins.Debug|Any CPU.ActiveCfg = Debug|x86
		{2168F861-FFA4-4956-BF74-3D0BBAFDF257}.Plugins.Debug|Mixed Platforms.ActiveCfg = Debug|x86
		{2168F861-FFA4-4956-BF74-3D0BBAFDF257}.Plugins.Debug|Mixed Platforms.Build.0 = Debug|x86
		{2168F861-FFA4-4956-BF74-3D0BBAFDF257}.Plugins.Debug|Win32.ActiveCfg = Debug|x86
		{2168F861-FFA4-4956-BF74-3D0BBAFDF257}.Plugins.Debug|x64.ActiveCfg = Debug|x86
		{2168F861-FFA4-4956-BF74-3D0BBAFDF257}.Plugins.Debug|x86.ActiveCfg = Debug|x86
		{2168F861-FFA4-4956-BF74-3D0BBAFDF257}.Plugins.Debug|x86.Build.0 = Debug|x86
		{2168F861-FFA4-4956-BF74-3D0BBAFDF257}.Plugins.Release|Any CPU.ActiveCfg = Release|x86
		{2168F861-FFA4-4956-BF74-3D0BBAFDF257}.Plugins.Release|Mixed Platforms.ActiveCfg = Release|x86
		{2168F861-FFA4-4956-BF74-3D0BBAFDF257}.Plugins.Release|Mixed Platforms.Build.0 = Release|x86
		{2168F861-FFA4-4956-BF74-3D0BBAFDF257}.Plugins.Release|Win32.ActiveCfg = Release|x86
		{2168F861-FFA4-4956-BF74-3D0BBAFDF257}.Plugins.Release|x64.ActiveCfg = Release|x86
		{2168F861-FFA4-4956-BF74-3D0BBAFDF257}.Plugins.Release|x86.ActiveCfg = Release|x86
		{2168F861-FFA4-4956-BF74-3D0BBAFDF257}.Plugins.Release|x86.Build.0 = Release|x86
		{2168F861-FFA4-4956-BF74-3D0BBAFDF257}.Release|Any CPU.ActiveCfg = Release|x86
		{2168F861-FFA4-4956-BF74-3D0BBAFDF257}.Release|Mixed Platforms.ActiveCfg = Release|x86
		{2168F861-FFA4-4956-BF74-3D0BBAFDF257}.Release|Mixed Platforms.Build.0 = Release|x86
		{2168F861-FFA4-4956-BF74-3D0BBAFDF257}.Release|Win32.ActiveCfg = Release|x86
		{2168F861-FFA4-4956-BF74-3D0BBAFDF257}.Release|x64.ActiveCfg = Release|x86
		{2168F861-FFA4-4956-BF74-3D0BBAFDF257}.Release|x86.ActiveCfg = Release|x86
		{2168F861-FFA4-4956-BF74-3D0BBAFDF257}.Release|x86.Build.0 = Release|x86
		{A8EF7F05-C852-4559-9EF3-E4FB56CC4469}.Core.Debug|Any CPU.ActiveCfg = Core.Debug|Any CPU
		{A8EF7F05-C852-4559-9EF3-E4FB56CC4469}.Core.Debug|Any CPU.Build.0 = Core.Debug|Any CPU
		{A8EF7F05-C852-4559-9EF3-E4FB56CC4469}.Core.Debug|Mixed Platforms.ActiveCfg = Core.Debug|Any CPU
		{A8EF7F05-C852-4559-9EF3-E4FB56CC4469}.Core.Debug|Mixed Platforms.Build.0 = Core.Debug|Any CPU
		{A8EF7F05-C852-4559-9EF3-E4FB56CC4469}.Core.Debug|Win32.ActiveCfg = Core.Debug|Any CPU
		{A8EF7F05-C852-4559-9EF3-E4FB56CC4469}.Core.Debug|x64.ActiveCfg = Core.Debug|Any CPU
		{A8EF7F05-C852-4559-9EF3-E4FB56CC4469}.Core.Debug|x86.ActiveCfg = Core.Debug|Any CPU
		{A8EF7F05-C852-4559-9EF3-E4FB56CC4469}.Core.Release|Any CPU.ActiveCfg = Core.Release|Any CPU
		{A8EF7F05-C852-4559-9EF3-E4FB56CC4469}.Core.Release|Any CPU.Build.0 = Core.Release|Any CPU
		{A8EF7F05-C852-4559-9EF3-E4FB56CC4469}.Core.Release|Mixed Platforms.ActiveCfg = Core.Release|Any CPU
		{A8EF7F05-C852-4559-9EF3-E4FB56CC4469}.Core.Release|Mixed Platforms.Build.0 = Core.Release|Any CPU
		{A8EF7F05-C852-4559-9EF3-E4FB56CC4469}.Core.Release|Win32.ActiveCfg = Core.Release|Any CPU
		{A8EF7F05-C852-4559-9EF3-E4FB56CC4469}.Core.Release|x64.ActiveCfg = Core.Release|Any CPU
		{A8EF7F05-C852-4559-9EF3-E4FB56CC4469}.Core.Release|x86.ActiveCfg = Core.Release|Any CPU
		{A8EF7F05-C852-4559-9EF3-E4FB56CC4469}.Debug|Any CPU.ActiveCfg = Debug|Any CPU
		{A8EF7F05-C852-4559-9EF3-E4FB56CC4469}.Debug|Any CPU.Build.0 = Debug|Any CPU
		{A8EF7F05-C852-4559-9EF3-E4FB56CC4469}.Debug|Mixed Platforms.ActiveCfg = Debug|Any CPU
		{A8EF7F05-C852-4559-9EF3-E4FB56CC4469}.Debug|Mixed Platforms.Build.0 = Debug|Any CPU
		{A8EF7F05-C852-4559-9EF3-E4FB56CC4469}.Debug|Win32.ActiveCfg = Debug|Any CPU
		{A8EF7F05-C852-4559-9EF3-E4FB56CC4469}.Debug|x64.ActiveCfg = Debug|Any CPU
		{A8EF7F05-C852-4559-9EF3-E4FB56CC4469}.Debug|x86.ActiveCfg = Debug|Any CPU
		{A8EF7F05-C852-4559-9EF3-E4FB56CC4469}.Full.Debug|Any CPU.ActiveCfg = Full.Debug|Any CPU
		{A8EF7F05-C852-4559-9EF3-E4FB56CC4469}.Full.Debug|Any CPU.Build.0 = Full.Debug|Any CPU
		{A8EF7F05-C852-4559-9EF3-E4FB56CC4469}.Full.Debug|Mixed Platforms.ActiveCfg = Full.Debug|Any CPU
		{A8EF7F05-C852-4559-9EF3-E4FB56CC4469}.Full.Debug|Win32.ActiveCfg = Full.Debug|Any CPU
		{A8EF7F05-C852-4559-9EF3-E4FB56CC4469}.Full.Debug|x64.ActiveCfg = Full.Debug|Any CPU
		{A8EF7F05-C852-4559-9EF3-E4FB56CC4469}.Full.Debug|x86.ActiveCfg = Full.Debug|Any CPU
		{A8EF7F05-C852-4559-9EF3-E4FB56CC4469}.Full.Release|Any CPU.ActiveCfg = Full.Release|Any CPU
		{A8EF7F05-C852-4559-9EF3-E4FB56CC4469}.Full.Release|Any CPU.Build.0 = Full.Release|Any CPU
		{A8EF7F05-C852-4559-9EF3-E4FB56CC4469}.Full.Release|Mixed Platforms.ActiveCfg = Full.Release|Any CPU
		{A8EF7F05-C852-4559-9EF3-E4FB56CC4469}.Full.Release|Mixed Platforms.Build.0 = Full.Release|Any CPU
		{A8EF7F05-C852-4559-9EF3-E4FB56CC4469}.Full.Release|Win32.ActiveCfg = Full.Release|Any CPU
		{A8EF7F05-C852-4559-9EF3-E4FB56CC4469}.Full.Release|x64.ActiveCfg = Full.Release|Any CPU
		{A8EF7F05-C852-4559-9EF3-E4FB56CC4469}.Full.Release|x86.ActiveCfg = Full.Release|Any CPU
		{A8EF7F05-C852-4559-9EF3-E4FB56CC4469}.Interpreter.Debug|Any CPU.ActiveCfg = Interpreter.Debug|Any CPU
		{A8EF7F05-C852-4559-9EF3-E4FB56CC4469}.Interpreter.Debug|Any CPU.Build.0 = Interpreter.Debug|Any CPU
		{A8EF7F05-C852-4559-9EF3-E4FB56CC4469}.Interpreter.Debug|Mixed Platforms.ActiveCfg = Interpreter.Debug|Any CPU
		{A8EF7F05-C852-4559-9EF3-E4FB56CC4469}.Interpreter.Debug|Mixed Platforms.Build.0 = Interpreter.Debug|Any CPU
		{A8EF7F05-C852-4559-9EF3-E4FB56CC4469}.Interpreter.Debug|Win32.ActiveCfg = Interpreter.Debug|Any CPU
		{A8EF7F05-C852-4559-9EF3-E4FB56CC4469}.Interpreter.Debug|x64.ActiveCfg = Interpreter.Debug|Any CPU
		{A8EF7F05-C852-4559-9EF3-E4FB56CC4469}.Interpreter.Debug|x86.ActiveCfg = Interpreter.Debug|Any CPU
		{A8EF7F05-C852-4559-9EF3-E4FB56CC4469}.Interpreter.Release|Any CPU.ActiveCfg = Interpreter.Release|Any CPU
		{A8EF7F05-C852-4559-9EF3-E4FB56CC4469}.Interpreter.Release|Any CPU.Build.0 = Interpreter.Release|Any CPU
		{A8EF7F05-C852-4559-9EF3-E4FB56CC4469}.Interpreter.Release|Mixed Platforms.ActiveCfg = Interpreter.Release|Any CPU
		{A8EF7F05-C852-4559-9EF3-E4FB56CC4469}.Interpreter.Release|Mixed Platforms.Build.0 = Interpreter.Release|Any CPU
		{A8EF7F05-C852-4559-9EF3-E4FB56CC4469}.Interpreter.Release|Win32.ActiveCfg = Interpreter.Release|Any CPU
		{A8EF7F05-C852-4559-9EF3-E4FB56CC4469}.Interpreter.Release|x64.ActiveCfg = Interpreter.Release|Any CPU
		{A8EF7F05-C852-4559-9EF3-E4FB56CC4469}.Interpreter.Release|x86.ActiveCfg = Interpreter.Release|Any CPU
		{A8EF7F05-C852-4559-9EF3-E4FB56CC4469}.Plugins.Debug|Any CPU.ActiveCfg = Plugins.Debug|Any CPU
		{A8EF7F05-C852-4559-9EF3-E4FB56CC4469}.Plugins.Debug|Any CPU.Build.0 = Plugins.Debug|Any CPU
		{A8EF7F05-C852-4559-9EF3-E4FB56CC4469}.Plugins.Debug|Mixed Platforms.ActiveCfg = Plugins.Debug|Any CPU
		{A8EF7F05-C852-4559-9EF3-E4FB56CC4469}.Plugins.Debug|Mixed Platforms.Build.0 = Plugins.Debug|Any CPU
		{A8EF7F05-C852-4559-9EF3-E4FB56CC4469}.Plugins.Debug|Win32.ActiveCfg = Plugins.Debug|Any CPU
		{A8EF7F05-C852-4559-9EF3-E4FB56CC4469}.Plugins.Debug|x64.ActiveCfg = Plugins.Debug|Any CPU
		{A8EF7F05-C852-4559-9EF3-E4FB56CC4469}.Plugins.Debug|x86.ActiveCfg = Plugins.Debug|Any CPU
		{A8EF7F05-C852-4559-9EF3-E4FB56CC4469}.Plugins.Release|Any CPU.ActiveCfg = Plugins.Release|Any CPU
		{A8EF7F05-C852-4559-9EF3-E4FB56CC4469}.Plugins.Release|Any CPU.Build.0 = Plugins.Release|Any CPU
		{A8EF7F05-C852-4559-9EF3-E4FB56CC4469}.Plugins.Release|Mixed Platforms.ActiveCfg = Plugins.Release|Any CPU
		{A8EF7F05-C852-4559-9EF3-E4FB56CC4469}.Plugins.Release|Mixed Platforms.Build.0 = Plugins.Release|Any CPU
		{A8EF7F05-C852-4559-9EF3-E4FB56CC4469}.Plugins.Release|Win32.ActiveCfg = Plugins.Release|Any CPU
		{A8EF7F05-C852-4559-9EF3-E4FB56CC4469}.Plugins.Release|x64.ActiveCfg = Plugins.Release|Any CPU
		{A8EF7F05-C852-4559-9EF3-E4FB56CC4469}.Plugins.Release|x86.ActiveCfg = Plugins.Release|Any CPU
		{A8EF7F05-C852-4559-9EF3-E4FB56CC4469}.Release|Any CPU.ActiveCfg = Release|Any CPU
		{A8EF7F05-C852-4559-9EF3-E4FB56CC4469}.Release|Any CPU.Build.0 = Release|Any CPU
		{A8EF7F05-C852-4559-9EF3-E4FB56CC4469}.Release|Mixed Platforms.ActiveCfg = Release|Any CPU
		{A8EF7F05-C852-4559-9EF3-E4FB56CC4469}.Release|Mixed Platforms.Build.0 = Release|Any CPU
		{A8EF7F05-C852-4559-9EF3-E4FB56CC4469}.Release|Win32.ActiveCfg = Release|Any CPU
		{A8EF7F05-C852-4559-9EF3-E4FB56CC4469}.Release|x64.ActiveCfg = Release|Any CPU
		{A8EF7F05-C852-4559-9EF3-E4FB56CC4469}.Release|x86.ActiveCfg = Release|Any CPU
		{960F6497-0F67-4868-9DE6-F7402A268403}.Core.Debug|Any CPU.ActiveCfg = Debug|x86
		{960F6497-0F67-4868-9DE6-F7402A268403}.Core.Debug|Mixed Platforms.ActiveCfg = Debug|x86
		{960F6497-0F67-4868-9DE6-F7402A268403}.Core.Debug|Mixed Platforms.Build.0 = Debug|x86
		{960F6497-0F67-4868-9DE6-F7402A268403}.Core.Debug|Win32.ActiveCfg = Debug|x86
		{960F6497-0F67-4868-9DE6-F7402A268403}.Core.Debug|x64.ActiveCfg = Debug|x86
		{960F6497-0F67-4868-9DE6-F7402A268403}.Core.Debug|x86.ActiveCfg = Debug|x86
		{960F6497-0F67-4868-9DE6-F7402A268403}.Core.Debug|x86.Build.0 = Debug|x86
		{960F6497-0F67-4868-9DE6-F7402A268403}.Core.Release|Any CPU.ActiveCfg = Release|x86
		{960F6497-0F67-4868-9DE6-F7402A268403}.Core.Release|Mixed Platforms.ActiveCfg = Release|x86
		{960F6497-0F67-4868-9DE6-F7402A268403}.Core.Release|Mixed Platforms.Build.0 = Release|x86
		{960F6497-0F67-4868-9DE6-F7402A268403}.Core.Release|Win32.ActiveCfg = Release|x86
		{960F6497-0F67-4868-9DE6-F7402A268403}.Core.Release|x64.ActiveCfg = Release|x86
		{960F6497-0F67-4868-9DE6-F7402A268403}.Core.Release|x86.ActiveCfg = Release|x86
		{960F6497-0F67-4868-9DE6-F7402A268403}.Core.Release|x86.Build.0 = Release|x86
		{960F6497-0F67-4868-9DE6-F7402A268403}.Debug|Any CPU.ActiveCfg = Debug|x86
		{960F6497-0F67-4868-9DE6-F7402A268403}.Debug|Mixed Platforms.ActiveCfg = Debug|x86
		{960F6497-0F67-4868-9DE6-F7402A268403}.Debug|Mixed Platforms.Build.0 = Debug|x86
		{960F6497-0F67-4868-9DE6-F7402A268403}.Debug|Win32.ActiveCfg = Debug|x86
		{960F6497-0F67-4868-9DE6-F7402A268403}.Debug|x64.ActiveCfg = Debug|x86
		{960F6497-0F67-4868-9DE6-F7402A268403}.Debug|x86.ActiveCfg = Debug|x86
		{960F6497-0F67-4868-9DE6-F7402A268403}.Debug|x86.Build.0 = Debug|x86
		{960F6497-0F67-4868-9DE6-F7402A268403}.Full.Debug|Any CPU.ActiveCfg = Debug|x86
		{960F6497-0F67-4868-9DE6-F7402A268403}.Full.Debug|Mixed Platforms.ActiveCfg = Debug|x86
		{960F6497-0F67-4868-9DE6-F7402A268403}.Full.Debug|Win32.ActiveCfg = Debug|x86
		{960F6497-0F67-4868-9DE6-F7402A268403}.Full.Debug|x64.ActiveCfg = Debug|x86
		{960F6497-0F67-4868-9DE6-F7402A268403}.Full.Debug|x86.ActiveCfg = Debug|x86
		{960F6497-0F67-4868-9DE6-F7402A268403}.Full.Debug|x86.Build.0 = Debug|x86
		{960F6497-0F67-4868-9DE6-F7402A268403}.Full.Release|Any CPU.ActiveCfg = Release|x86
		{960F6497-0F67-4868-9DE6-F7402A268403}.Full.Release|Mixed Platforms.ActiveCfg = Release|x86
		{960F6497-0F67-4868-9DE6-F7402A268403}.Full.Release|Mixed Platforms.Build.0 = Release|x86
		{960F6497-0F67-4868-9DE6-F7402A268403}.Full.Release|Win32.ActiveCfg = Release|x86
		{960F6497-0F67-4868-9DE6-F7402A268403}.Full.Release|x64.ActiveCfg = Release|x86
		{960F6497-0F67-4868-9DE6-F7402A268403}.Full.Release|x86.ActiveCfg = Release|x86
		{960F6497-0F67-4868-9DE6-F7402A268403}.Full.Release|x86.Build.0 = Release|x86
		{960F6497-0F67-4868-9DE6-F7402A268403}.Interpreter.Debug|Any CPU.ActiveCfg = Debug|x86
		{960F6497-0F67-4868-9DE6-F7402A268403}.Interpreter.Debug|Mixed Platforms.ActiveCfg = Debug|x86
		{960F6497-0F67-4868-9DE6-F7402A268403}.Interpreter.Debug|Mixed Platforms.Build.0 = Debug|x86
		{960F6497-0F67-4868-9DE6-F7402A268403}.Interpreter.Debug|Win32.ActiveCfg = Debug|x86
		{960F6497-0F67-4868-9DE6-F7402A268403}.Interpreter.Debug|x64.ActiveCfg = Debug|x86
		{960F6497-0F67-4868-9DE6-F7402A268403}.Interpreter.Debug|x86.ActiveCfg = Debug|x86
		{960F6497-0F67-4868-9DE6-F7402A268403}.Interpreter.Debug|x86.Build.0 = Debug|x86
		{960F6497-0F67-4868-9DE6-F7402A268403}.Interpreter.Release|Any CPU.ActiveCfg = Release|x86
		{960F6497-0F67-4868-9DE6-F7402A268403}.Interpreter.Release|Mixed Platforms.ActiveCfg = Release|x86
		{960F6497-0F67-4868-9DE6-F7402A268403}.Interpreter.Release|Mixed Platforms.Build.0 = Release|x86
		{960F6497-0F67-4868-9DE6-F7402A268403}.Interpreter.Release|Win32.ActiveCfg = Release|x86
		{960F6497-0F67-4868-9DE6-F7402A268403}.Interpreter.Release|x64.ActiveCfg = Release|x86
		{960F6497-0F67-4868-9DE6-F7402A268403}.Interpreter.Release|x86.ActiveCfg = Release|x86
		{960F6497-0F67-4868-9DE6-F7402A268403}.Interpreter.Release|x86.Build.0 = Release|x86
		{960F6497-0F67-4868-9DE6-F7402A268403}.Plugins.Debug|Any CPU.ActiveCfg = Debug|x86
		{960F6497-0F67-4868-9DE6-F7402A268403}.Plugins.Debug|Mixed Platforms.ActiveCfg = Debug|x86
		{960F6497-0F67-4868-9DE6-F7402A268403}.Plugins.Debug|Mixed Platforms.Build.0 = Debug|x86
		{960F6497-0F67-4868-9DE6-F7402A268403}.Plugins.Debug|Win32.ActiveCfg = Debug|x86
		{960F6497-0F67-4868-9DE6-F7402A268403}.Plugins.Debug|x64.ActiveCfg = Debug|x86
		{960F6497-0F67-4868-9DE6-F7402A268403}.Plugins.Debug|x86.ActiveCfg = Debug|x86
		{960F6497-0F67-4868-9DE6-F7402A268403}.Plugins.Debug|x86.Build.0 = Debug|x86
		{960F6497-0F67-4868-9DE6-F7402A268403}.Plugins.Release|Any CPU.ActiveCfg = Release|x86
		{960F6497-0F67-4868-9DE6-F7402A268403}.Plugins.Release|Mixed Platforms.ActiveCfg = Release|x86
		{960F6497-0F67-4868-9DE6-F7402A268403}.Plugins.Release|Mixed Platforms.Build.0 = Release|x86
		{960F6497-0F67-4868-9DE6-F7402A268403}.Plugins.Release|Win32.ActiveCfg = Release|x86
		{960F6497-0F67-4868-9DE6-F7402A268403}.Plugins.Release|x64.ActiveCfg = Release|x86
		{960F6497-0F67-4868-9DE6-F7402A268403}.Plugins.Release|x86.ActiveCfg = Release|x86
		{960F6497-0F67-4868-9DE6-F7402A268403}.Plugins.Release|x86.Build.0 = Release|x86
		{960F6497-0F67-4868-9DE6-F7402A268403}.Release|Any CPU.ActiveCfg = Release|x86
		{960F6497-0F67-4868-9DE6-F7402A268403}.Release|Mixed Platforms.ActiveCfg = Release|x86
		{960F6497-0F67-4868-9DE6-F7402A268403}.Release|Mixed Platforms.Build.0 = Release|x86
		{960F6497-0F67-4868-9DE6-F7402A268403}.Release|Win32.ActiveCfg = Release|x86
		{960F6497-0F67-4868-9DE6-F7402A268403}.Release|x64.ActiveCfg = Release|x86
		{960F6497-0F67-4868-9DE6-F7402A268403}.Release|x86.ActiveCfg = Release|x86
		{960F6497-0F67-4868-9DE6-F7402A268403}.Release|x86.Build.0 = Release|x86
		{008A9E60-A7EE-4778-BC5C-FE6BE19192EA}.Core.Debug|Any CPU.ActiveCfg = Debug|x86
		{008A9E60-A7EE-4778-BC5C-FE6BE19192EA}.Core.Debug|Mixed Platforms.ActiveCfg = Debug|x86
		{008A9E60-A7EE-4778-BC5C-FE6BE19192EA}.Core.Debug|Mixed Platforms.Build.0 = Debug|x86
		{008A9E60-A7EE-4778-BC5C-FE6BE19192EA}.Core.Debug|Win32.ActiveCfg = Debug|x86
		{008A9E60-A7EE-4778-BC5C-FE6BE19192EA}.Core.Debug|x64.ActiveCfg = Debug|x86
		{008A9E60-A7EE-4778-BC5C-FE6BE19192EA}.Core.Debug|x86.ActiveCfg = Debug|x86
		{008A9E60-A7EE-4778-BC5C-FE6BE19192EA}.Core.Debug|x86.Build.0 = Debug|x86
		{008A9E60-A7EE-4778-BC5C-FE6BE19192EA}.Core.Release|Any CPU.ActiveCfg = Release|x86
		{008A9E60-A7EE-4778-BC5C-FE6BE19192EA}.Core.Release|Mixed Platforms.ActiveCfg = Release|x86
		{008A9E60-A7EE-4778-BC5C-FE6BE19192EA}.Core.Release|Mixed Platforms.Build.0 = Release|x86
		{008A9E60-A7EE-4778-BC5C-FE6BE19192EA}.Core.Release|Win32.ActiveCfg = Release|x86
		{008A9E60-A7EE-4778-BC5C-FE6BE19192EA}.Core.Release|x64.ActiveCfg = Release|x86
		{008A9E60-A7EE-4778-BC5C-FE6BE19192EA}.Core.Release|x86.ActiveCfg = Release|x86
		{008A9E60-A7EE-4778-BC5C-FE6BE19192EA}.Core.Release|x86.Build.0 = Release|x86
		{008A9E60-A7EE-4778-BC5C-FE6BE19192EA}.Debug|Any CPU.ActiveCfg = Debug|x86
		{008A9E60-A7EE-4778-BC5C-FE6BE19192EA}.Debug|Mixed Platforms.ActiveCfg = Debug|x86
		{008A9E60-A7EE-4778-BC5C-FE6BE19192EA}.Debug|Mixed Platforms.Build.0 = Debug|x86
		{008A9E60-A7EE-4778-BC5C-FE6BE19192EA}.Debug|Win32.ActiveCfg = Debug|x86
		{008A9E60-A7EE-4778-BC5C-FE6BE19192EA}.Debug|x64.ActiveCfg = Debug|x86
		{008A9E60-A7EE-4778-BC5C-FE6BE19192EA}.Debug|x86.ActiveCfg = Debug|x86
		{008A9E60-A7EE-4778-BC5C-FE6BE19192EA}.Debug|x86.Build.0 = Debug|x86
		{008A9E60-A7EE-4778-BC5C-FE6BE19192EA}.Full.Debug|Any CPU.ActiveCfg = Debug|x86
		{008A9E60-A7EE-4778-BC5C-FE6BE19192EA}.Full.Debug|Mixed Platforms.ActiveCfg = Debug|x86
		{008A9E60-A7EE-4778-BC5C-FE6BE19192EA}.Full.Debug|Win32.ActiveCfg = Debug|x86
		{008A9E60-A7EE-4778-BC5C-FE6BE19192EA}.Full.Debug|x64.ActiveCfg = Debug|x86
		{008A9E60-A7EE-4778-BC5C-FE6BE19192EA}.Full.Debug|x86.ActiveCfg = Debug|x86
		{008A9E60-A7EE-4778-BC5C-FE6BE19192EA}.Full.Debug|x86.Build.0 = Debug|x86
		{008A9E60-A7EE-4778-BC5C-FE6BE19192EA}.Full.Release|Any CPU.ActiveCfg = Release|x86
		{008A9E60-A7EE-4778-BC5C-FE6BE19192EA}.Full.Release|Mixed Platforms.ActiveCfg = Release|x86
		{008A9E60-A7EE-4778-BC5C-FE6BE19192EA}.Full.Release|Mixed Platforms.Build.0 = Release|x86
		{008A9E60-A7EE-4778-BC5C-FE6BE19192EA}.Full.Release|Win32.ActiveCfg = Release|x86
		{008A9E60-A7EE-4778-BC5C-FE6BE19192EA}.Full.Release|x64.ActiveCfg = Release|x86
		{008A9E60-A7EE-4778-BC5C-FE6BE19192EA}.Full.Release|x86.ActiveCfg = Release|x86
		{008A9E60-A7EE-4778-BC5C-FE6BE19192EA}.Full.Release|x86.Build.0 = Release|x86
		{008A9E60-A7EE-4778-BC5C-FE6BE19192EA}.Interpreter.Debug|Any CPU.ActiveCfg = Debug|x86
		{008A9E60-A7EE-4778-BC5C-FE6BE19192EA}.Interpreter.Debug|Mixed Platforms.ActiveCfg = Debug|x86
		{008A9E60-A7EE-4778-BC5C-FE6BE19192EA}.Interpreter.Debug|Mixed Platforms.Build.0 = Debug|x86
		{008A9E60-A7EE-4778-BC5C-FE6BE19192EA}.Interpreter.Debug|Win32.ActiveCfg = Debug|x86
		{008A9E60-A7EE-4778-BC5C-FE6BE19192EA}.Interpreter.Debug|x64.ActiveCfg = Debug|x86
		{008A9E60-A7EE-4778-BC5C-FE6BE19192EA}.Interpreter.Debug|x86.ActiveCfg = Debug|x86
		{008A9E60-A7EE-4778-BC5C-FE6BE19192EA}.Interpreter.Debug|x86.Build.0 = Debug|x86
		{008A9E60-A7EE-4778-BC5C-FE6BE19192EA}.Interpreter.Release|Any CPU.ActiveCfg = Release|x86
		{008A9E60-A7EE-4778-BC5C-FE6BE19192EA}.Interpreter.Release|Mixed Platforms.ActiveCfg = Release|x86
		{008A9E60-A7EE-4778-BC5C-FE6BE19192EA}.Interpreter.Release|Mixed Platforms.Build.0 = Release|x86
		{008A9E60-A7EE-4778-BC5C-FE6BE19192EA}.Interpreter.Release|Win32.ActiveCfg = Release|x86
		{008A9E60-A7EE-4778-BC5C-FE6BE19192EA}.Interpreter.Release|x64.ActiveCfg = Release|x86
		{008A9E60-A7EE-4778-BC5C-FE6BE19192EA}.Interpreter.Release|x86.ActiveCfg = Release|x86
		{008A9E60-A7EE-4778-BC5C-FE6BE19192EA}.Interpreter.Release|x86.Build.0 = Release|x86
		{008A9E60-A7EE-4778-BC5C-FE6BE19192EA}.Plugins.Debug|Any CPU.ActiveCfg = Debug|x86
		{008A9E60-A7EE-4778-BC5C-FE6BE19192EA}.Plugins.Debug|Mixed Platforms.ActiveCfg = Debug|x86
		{008A9E60-A7EE-4778-BC5C-FE6BE19192EA}.Plugins.Debug|Mixed Platforms.Build.0 = Debug|x86
		{008A9E60-A7EE-4778-BC5C-FE6BE19192EA}.Plugins.Debug|Win32.ActiveCfg = Debug|x86
		{008A9E60-A7EE-4778-BC5C-FE6BE19192EA}.Plugins.Debug|x64.ActiveCfg = Debug|x86
		{008A9E60-A7EE-4778-BC5C-FE6BE19192EA}.Plugins.Debug|x86.ActiveCfg = Debug|x86
		{008A9E60-A7EE-4778-BC5C-FE6BE19192EA}.Plugins.Debug|x86.Build.0 = Debug|x86
		{008A9E60-A7EE-4778-BC5C-FE6BE19192EA}.Plugins.Release|Any CPU.ActiveCfg = Release|x86
		{008A9E60-A7EE-4778-BC5C-FE6BE19192EA}.Plugins.Release|Mixed Platforms.ActiveCfg = Release|x86
		{008A9E60-A7EE-4778-BC5C-FE6BE19192EA}.Plugins.Release|Mixed Platforms.Build.0 = Release|x86
		{008A9E60-A7EE-4778-BC5C-FE6BE19192EA}.Plugins.Release|Win32.ActiveCfg = Release|x86
		{008A9E60-A7EE-4778-BC5C-FE6BE19192EA}.Plugins.Release|x64.ActiveCfg = Release|x86
		{008A9E60-A7EE-4778-BC5C-FE6BE19192EA}.Plugins.Release|x86.ActiveCfg = Release|x86
		{008A9E60-A7EE-4778-BC5C-FE6BE19192EA}.Plugins.Release|x86.Build.0 = Release|x86
		{008A9E60-A7EE-4778-BC5C-FE6BE19192EA}.Release|Any CPU.ActiveCfg = Release|x86
		{008A9E60-A7EE-4778-BC5C-FE6BE19192EA}.Release|Mixed Platforms.ActiveCfg = Release|x86
		{008A9E60-A7EE-4778-BC5C-FE6BE19192EA}.Release|Mixed Platforms.Build.0 = Release|x86
		{008A9E60-A7EE-4778-BC5C-FE6BE19192EA}.Release|Win32.ActiveCfg = Release|x86
		{008A9E60-A7EE-4778-BC5C-FE6BE19192EA}.Release|x64.ActiveCfg = Release|x86
		{008A9E60-A7EE-4778-BC5C-FE6BE19192EA}.Release|x86.ActiveCfg = Release|x86
		{008A9E60-A7EE-4778-BC5C-FE6BE19192EA}.Release|x86.Build.0 = Release|x86
		{6AE26A2F-5F22-4AEF-AA58-48C678B53C76}.Core.Debug|Any CPU.ActiveCfg = Core.Debug|Any CPU
		{6AE26A2F-5F22-4AEF-AA58-48C678B53C76}.Core.Debug|Any CPU.Build.0 = Core.Debug|Any CPU
		{6AE26A2F-5F22-4AEF-AA58-48C678B53C76}.Core.Debug|Mixed Platforms.ActiveCfg = Core.Debug|Any CPU
		{6AE26A2F-5F22-4AEF-AA58-48C678B53C76}.Core.Debug|Mixed Platforms.Build.0 = Core.Debug|Any CPU
		{6AE26A2F-5F22-4AEF-AA58-48C678B53C76}.Core.Debug|Win32.ActiveCfg = Core.Debug|Any CPU
		{6AE26A2F-5F22-4AEF-AA58-48C678B53C76}.Core.Debug|x64.ActiveCfg = Core.Debug|Any CPU
		{6AE26A2F-5F22-4AEF-AA58-48C678B53C76}.Core.Debug|x86.ActiveCfg = Core.Debug|Any CPU
		{6AE26A2F-5F22-4AEF-AA58-48C678B53C76}.Core.Release|Any CPU.ActiveCfg = Core.Release|Any CPU
		{6AE26A2F-5F22-4AEF-AA58-48C678B53C76}.Core.Release|Any CPU.Build.0 = Core.Release|Any CPU
		{6AE26A2F-5F22-4AEF-AA58-48C678B53C76}.Core.Release|Mixed Platforms.ActiveCfg = Core.Release|Any CPU
		{6AE26A2F-5F22-4AEF-AA58-48C678B53C76}.Core.Release|Mixed Platforms.Build.0 = Core.Release|Any CPU
		{6AE26A2F-5F22-4AEF-AA58-48C678B53C76}.Core.Release|Win32.ActiveCfg = Core.Release|Any CPU
		{6AE26A2F-5F22-4AEF-AA58-48C678B53C76}.Core.Release|x64.ActiveCfg = Core.Release|Any CPU
		{6AE26A2F-5F22-4AEF-AA58-48C678B53C76}.Core.Release|x86.ActiveCfg = Core.Release|Any CPU
		{6AE26A2F-5F22-4AEF-AA58-48C678B53C76}.Debug|Any CPU.ActiveCfg = Debug|Any CPU
		{6AE26A2F-5F22-4AEF-AA58-48C678B53C76}.Debug|Any CPU.Build.0 = Debug|Any CPU
		{6AE26A2F-5F22-4AEF-AA58-48C678B53C76}.Debug|Mixed Platforms.ActiveCfg = Debug|Any CPU
		{6AE26A2F-5F22-4AEF-AA58-48C678B53C76}.Debug|Mixed Platforms.Build.0 = Debug|Any CPU
		{6AE26A2F-5F22-4AEF-AA58-48C678B53C76}.Debug|Win32.ActiveCfg = Debug|Any CPU
		{6AE26A2F-5F22-4AEF-AA58-48C678B53C76}.Debug|x64.ActiveCfg = Debug|Any CPU
		{6AE26A2F-5F22-4AEF-AA58-48C678B53C76}.Debug|x86.ActiveCfg = Debug|Any CPU
		{6AE26A2F-5F22-4AEF-AA58-48C678B53C76}.Full.Debug|Any CPU.ActiveCfg = Full.Debug|Any CPU
		{6AE26A2F-5F22-4AEF-AA58-48C678B53C76}.Full.Debug|Any CPU.Build.0 = Full.Debug|Any CPU
		{6AE26A2F-5F22-4AEF-AA58-48C678B53C76}.Full.Debug|Mixed Platforms.ActiveCfg = Full.Debug|Any CPU
		{6AE26A2F-5F22-4AEF-AA58-48C678B53C76}.Full.Debug|Win32.ActiveCfg = Full.Debug|Any CPU
		{6AE26A2F-5F22-4AEF-AA58-48C678B53C76}.Full.Debug|x64.ActiveCfg = Full.Debug|Any CPU
		{6AE26A2F-5F22-4AEF-AA58-48C678B53C76}.Full.Debug|x86.ActiveCfg = Full.Debug|Any CPU
		{6AE26A2F-5F22-4AEF-AA58-48C678B53C76}.Full.Release|Any CPU.ActiveCfg = Full.Release|Any CPU
		{6AE26A2F-5F22-4AEF-AA58-48C678B53C76}.Full.Release|Any CPU.Build.0 = Full.Release|Any CPU
		{6AE26A2F-5F22-4AEF-AA58-48C678B53C76}.Full.Release|Mixed Platforms.ActiveCfg = Full.Release|Any CPU
		{6AE26A2F-5F22-4AEF-AA58-48C678B53C76}.Full.Release|Mixed Platforms.Build.0 = Full.Release|Any CPU
		{6AE26A2F-5F22-4AEF-AA58-48C678B53C76}.Full.Release|Win32.ActiveCfg = Full.Release|Any CPU
		{6AE26A2F-5F22-4AEF-AA58-48C678B53C76}.Full.Release|x64.ActiveCfg = Full.Release|Any CPU
		{6AE26A2F-5F22-4AEF-AA58-48C678B53C76}.Full.Release|x86.ActiveCfg = Full.Release|Any CPU
		{6AE26A2F-5F22-4AEF-AA58-48C678B53C76}.Interpreter.Debug|Any CPU.ActiveCfg = Interpreter.Debug|Any CPU
		{6AE26A2F-5F22-4AEF-AA58-48C678B53C76}.Interpreter.Debug|Any CPU.Build.0 = Interpreter.Debug|Any CPU
		{6AE26A2F-5F22-4AEF-AA58-48C678B53C76}.Interpreter.Debug|Mixed Platforms.ActiveCfg = Interpreter.Debug|Any CPU
		{6AE26A2F-5F22-4AEF-AA58-48C678B53C76}.Interpreter.Debug|Mixed Platforms.Build.0 = Interpreter.Debug|Any CPU
		{6AE26A2F-5F22-4AEF-AA58-48C678B53C76}.Interpreter.Debug|Win32.ActiveCfg = Interpreter.Debug|Any CPU
		{6AE26A2F-5F22-4AEF-AA58-48C678B53C76}.Interpreter.Debug|x64.ActiveCfg = Interpreter.Debug|Any CPU
		{6AE26A2F-5F22-4AEF-AA58-48C678B53C76}.Interpreter.Debug|x86.ActiveCfg = Interpreter.Debug|Any CPU
		{6AE26A2F-5F22-4AEF-AA58-48C678B53C76}.Interpreter.Release|Any CPU.ActiveCfg = Interpreter.Release|Any CPU
		{6AE26A2F-5F22-4AEF-AA58-48C678B53C76}.Interpreter.Release|Any CPU.Build.0 = Interpreter.Release|Any CPU
		{6AE26A2F-5F22-4AEF-AA58-48C678B53C76}.Interpreter.Release|Mixed Platforms.ActiveCfg = Interpreter.Release|Any CPU
		{6AE26A2F-5F22-4AEF-AA58-48C678B53C76}.Interpreter.Release|Mixed Platforms.Build.0 = Interpreter.Release|Any CPU
		{6AE26A2F-5F22-4AEF-AA58-48C678B53C76}.Interpreter.Release|Win32.ActiveCfg = Interpreter.Release|Any CPU
		{6AE26A2F-5F22-4AEF-AA58-48C678B53C76}.Interpreter.Release|x64.ActiveCfg = Interpreter.Release|Any CPU
		{6AE26A2F-5F22-4AEF-AA58-48C678B53C76}.Interpreter.Release|x86.ActiveCfg = Interpreter.Release|Any CPU
		{6AE26A2F-5F22-4AEF-AA58-48C678B53C76}.Plugins.Debug|Any CPU.ActiveCfg = Plugins.Debug|Any CPU
		{6AE26A2F-5F22-4AEF-AA58-48C678B53C76}.Plugins.Debug|Any CPU.Build.0 = Plugins.Debug|Any CPU
		{6AE26A2F-5F22-4AEF-AA58-48C678B53C76}.Plugins.Debug|Mixed Platforms.ActiveCfg = Plugins.Debug|Any CPU
		{6AE26A2F-5F22-4AEF-AA58-48C678B53C76}.Plugins.Debug|Mixed Platforms.Build.0 = Plugins.Debug|Any CPU
		{6AE26A2F-5F22-4AEF-AA58-48C678B53C76}.Plugins.Debug|Win32.ActiveCfg = Plugins.Debug|Any CPU
		{6AE26A2F-5F22-4AEF-AA58-48C678B53C76}.Plugins.Debug|x64.ActiveCfg = Plugins.Debug|Any CPU
		{6AE26A2F-5F22-4AEF-AA58-48C678B53C76}.Plugins.Debug|x86.ActiveCfg = Plugins.Debug|Any CPU
		{6AE26A2F-5F22-4AEF-AA58-48C678B53C76}.Plugins.Release|Any CPU.ActiveCfg = Plugins.Release|Any CPU
		{6AE26A2F-5F22-4AEF-AA58-48C678B53C76}.Plugins.Release|Any CPU.Build.0 = Plugins.Release|Any CPU
		{6AE26A2F-5F22-4AEF-AA58-48C678B53C76}.Plugins.Release|Mixed Platforms.ActiveCfg = Plugins.Release|Any CPU
		{6AE26A2F-5F22-4AEF-AA58-48C678B53C76}.Plugins.Release|Mixed Platforms.Build.0 = Plugins.Release|Any CPU
		{6AE26A2F-5F22-4AEF-AA58-48C678B53C76}.Plugins.Release|Win32.ActiveCfg = Plugins.Release|Any CPU
		{6AE26A2F-5F22-4AEF-AA58-48C678B53C76}.Plugins.Release|x64.ActiveCfg = Plugins.Release|Any CPU
		{6AE26A2F-5F22-4AEF-AA58-48C678B53C76}.Plugins.Release|x86.ActiveCfg = Plugins.Release|Any CPU
		{6AE26A2F-5F22-4AEF-AA58-48C678B53C76}.Release|Any CPU.ActiveCfg = Release|Any CPU
		{6AE26A2F-5F22-4AEF-AA58-48C678B53C76}.Release|Any CPU.Build.0 = Release|Any CPU
		{6AE26A2F-5F22-4AEF-AA58-48C678B53C76}.Release|Mixed Platforms.ActiveCfg = Release|Any CPU
		{6AE26A2F-5F22-4AEF-AA58-48C678B53C76}.Release|Mixed Platforms.Build.0 = Release|Any CPU
		{6AE26A2F-5F22-4AEF-AA58-48C678B53C76}.Release|Win32.ActiveCfg = Release|Any CPU
		{6AE26A2F-5F22-4AEF-AA58-48C678B53C76}.Release|x64.ActiveCfg = Release|Any CPU
		{6AE26A2F-5F22-4AEF-AA58-48C678B53C76}.Release|x86.ActiveCfg = Release|Any CPU
		{BE23E486-DE59-429E-BB20-CBCA8F6E2690}.Core.Debug|Any CPU.ActiveCfg = Core.Debug|Any CPU
		{BE23E486-DE59-429E-BB20-CBCA8F6E2690}.Core.Debug|Any CPU.Build.0 = Core.Debug|Any CPU
		{BE23E486-DE59-429E-BB20-CBCA8F6E2690}.Core.Debug|Mixed Platforms.ActiveCfg = Core.Debug|Any CPU
		{BE23E486-DE59-429E-BB20-CBCA8F6E2690}.Core.Debug|Mixed Platforms.Build.0 = Core.Debug|Any CPU
		{BE23E486-DE59-429E-BB20-CBCA8F6E2690}.Core.Debug|Win32.ActiveCfg = Core.Debug|Any CPU
		{BE23E486-DE59-429E-BB20-CBCA8F6E2690}.Core.Debug|x64.ActiveCfg = Core.Debug|Any CPU
		{BE23E486-DE59-429E-BB20-CBCA8F6E2690}.Core.Debug|x86.ActiveCfg = Core.Debug|Any CPU
		{BE23E486-DE59-429E-BB20-CBCA8F6E2690}.Core.Release|Any CPU.ActiveCfg = Core.Release|Any CPU
		{BE23E486-DE59-429E-BB20-CBCA8F6E2690}.Core.Release|Any CPU.Build.0 = Core.Release|Any CPU
		{BE23E486-DE59-429E-BB20-CBCA8F6E2690}.Core.Release|Mixed Platforms.ActiveCfg = Core.Release|Any CPU
		{BE23E486-DE59-429E-BB20-CBCA8F6E2690}.Core.Release|Mixed Platforms.Build.0 = Core.Release|Any CPU
		{BE23E486-DE59-429E-BB20-CBCA8F6E2690}.Core.Release|Win32.ActiveCfg = Core.Release|Any CPU
		{BE23E486-DE59-429E-BB20-CBCA8F6E2690}.Core.Release|x64.ActiveCfg = Core.Release|Any CPU
		{BE23E486-DE59-429E-BB20-CBCA8F6E2690}.Core.Release|x86.ActiveCfg = Core.Release|Any CPU
		{BE23E486-DE59-429E-BB20-CBCA8F6E2690}.Debug|Any CPU.ActiveCfg = Debug|Any CPU
		{BE23E486-DE59-429E-BB20-CBCA8F6E2690}.Debug|Any CPU.Build.0 = Debug|Any CPU
		{BE23E486-DE59-429E-BB20-CBCA8F6E2690}.Debug|Mixed Platforms.ActiveCfg = Debug|Any CPU
		{BE23E486-DE59-429E-BB20-CBCA8F6E2690}.Debug|Mixed Platforms.Build.0 = Debug|Any CPU
		{BE23E486-DE59-429E-BB20-CBCA8F6E2690}.Debug|Win32.ActiveCfg = Debug|Any CPU
		{BE23E486-DE59-429E-BB20-CBCA8F6E2690}.Debug|x64.ActiveCfg = Debug|Any CPU
		{BE23E486-DE59-429E-BB20-CBCA8F6E2690}.Debug|x86.ActiveCfg = Debug|Any CPU
		{BE23E486-DE59-429E-BB20-CBCA8F6E2690}.Full.Debug|Any CPU.ActiveCfg = Full.Debug|Any CPU
		{BE23E486-DE59-429E-BB20-CBCA8F6E2690}.Full.Debug|Any CPU.Build.0 = Full.Debug|Any CPU
		{BE23E486-DE59-429E-BB20-CBCA8F6E2690}.Full.Debug|Mixed Platforms.ActiveCfg = Full.Debug|Any CPU
		{BE23E486-DE59-429E-BB20-CBCA8F6E2690}.Full.Debug|Win32.ActiveCfg = Full.Debug|Any CPU
		{BE23E486-DE59-429E-BB20-CBCA8F6E2690}.Full.Debug|x64.ActiveCfg = Full.Debug|Any CPU
		{BE23E486-DE59-429E-BB20-CBCA8F6E2690}.Full.Debug|x86.ActiveCfg = Full.Debug|Any CPU
		{BE23E486-DE59-429E-BB20-CBCA8F6E2690}.Full.Release|Any CPU.ActiveCfg = Full.Release|Any CPU
		{BE23E486-DE59-429E-BB20-CBCA8F6E2690}.Full.Release|Any CPU.Build.0 = Full.Release|Any CPU
		{BE23E486-DE59-429E-BB20-CBCA8F6E2690}.Full.Release|Mixed Platforms.ActiveCfg = Full.Release|Any CPU
		{BE23E486-DE59-429E-BB20-CBCA8F6E2690}.Full.Release|Mixed Platforms.Build.0 = Full.Release|Any CPU
		{BE23E486-DE59-429E-BB20-CBCA8F6E2690}.Full.Release|Win32.ActiveCfg = Full.Release|Any CPU
		{BE23E486-DE59-429E-BB20-CBCA8F6E2690}.Full.Release|x64.ActiveCfg = Full.Release|Any CPU
		{BE23E486-DE59-429E-BB20-CBCA8F6E2690}.Full.Release|x86.ActiveCfg = Full.Release|Any CPU
		{BE23E486-DE59-429E-BB20-CBCA8F6E2690}.Interpreter.Debug|Any CPU.ActiveCfg = Interpreter.Debug|Any CPU
		{BE23E486-DE59-429E-BB20-CBCA8F6E2690}.Interpreter.Debug|Any CPU.Build.0 = Interpreter.Debug|Any CPU
		{BE23E486-DE59-429E-BB20-CBCA8F6E2690}.Interpreter.Debug|Mixed Platforms.ActiveCfg = Interpreter.Debug|Any CPU
		{BE23E486-DE59-429E-BB20-CBCA8F6E2690}.Interpreter.Debug|Mixed Platforms.Build.0 = Interpreter.Debug|Any CPU
		{BE23E486-DE59-429E-BB20-CBCA8F6E2690}.Interpreter.Debug|Win32.ActiveCfg = Interpreter.Debug|Any CPU
		{BE23E486-DE59-429E-BB20-CBCA8F6E2690}.Interpreter.Debug|x64.ActiveCfg = Interpreter.Debug|Any CPU
		{BE23E486-DE59-429E-BB20-CBCA8F6E2690}.Interpreter.Debug|x86.ActiveCfg = Interpreter.Debug|Any CPU
		{BE23E486-DE59-429E-BB20-CBCA8F6E2690}.Interpreter.Release|Any CPU.ActiveCfg = Interpreter.Release|Any CPU
		{BE23E486-DE59-429E-BB20-CBCA8F6E2690}.Interpreter.Release|Any CPU.Build.0 = Interpreter.Release|Any CPU
		{BE23E486-DE59-429E-BB20-CBCA8F6E2690}.Interpreter.Release|Mixed Platforms.ActiveCfg = Interpreter.Release|Any CPU
		{BE23E486-DE59-429E-BB20-CBCA8F6E2690}.Interpreter.Release|Mixed Platforms.Build.0 = Interpreter.Release|Any CPU
		{BE23E486-DE59-429E-BB20-CBCA8F6E2690}.Interpreter.Release|Win32.ActiveCfg = Interpreter.Release|Any CPU
		{BE23E486-DE59-429E-BB20-CBCA8F6E2690}.Interpreter.Release|x64.ActiveCfg = Interpreter.Release|Any CPU
		{BE23E486-DE59-429E-BB20-CBCA8F6E2690}.Interpreter.Release|x86.ActiveCfg = Interpreter.Release|Any CPU
		{BE23E486-DE59-429E-BB20-CBCA8F6E2690}.Plugins.Debug|Any CPU.ActiveCfg = Plugins.Debug|Any CPU
		{BE23E486-DE59-429E-BB20-CBCA8F6E2690}.Plugins.Debug|Any CPU.Build.0 = Plugins.Debug|Any CPU
		{BE23E486-DE59-429E-BB20-CBCA8F6E2690}.Plugins.Debug|Mixed Platforms.ActiveCfg = Plugins.Debug|Any CPU
		{BE23E486-DE59-429E-BB20-CBCA8F6E2690}.Plugins.Debug|Mixed Platforms.Build.0 = Plugins.Debug|Any CPU
		{BE23E486-DE59-429E-BB20-CBCA8F6E2690}.Plugins.Debug|Win32.ActiveCfg = Plugins.Debug|Any CPU
		{BE23E486-DE59-429E-BB20-CBCA8F6E2690}.Plugins.Debug|x64.ActiveCfg = Plugins.Debug|Any CPU
		{BE23E486-DE59-429E-BB20-CBCA8F6E2690}.Plugins.Debug|x86.ActiveCfg = Plugins.Debug|Any CPU
		{BE23E486-DE59-429E-BB20-CBCA8F6E2690}.Plugins.Release|Any CPU.ActiveCfg = Plugins.Release|Any CPU
		{BE23E486-DE59-429E-BB20-CBCA8F6E2690}.Plugins.Release|Any CPU.Build.0 = Plugins.Release|Any CPU
		{BE23E486-DE59-429E-BB20-CBCA8F6E2690}.Plugins.Release|Mixed Platforms.ActiveCfg = Plugins.Release|Any CPU
		{BE23E486-DE59-429E-BB20-CBCA8F6E2690}.Plugins.Release|Mixed Platforms.Build.0 = Plugins.Release|Any CPU
		{BE23E486-DE59-429E-BB20-CBCA8F6E2690}.Plugins.Release|Win32.ActiveCfg = Plugins.Release|Any CPU
		{BE23E486-DE59-429E-BB20-CBCA8F6E2690}.Plugins.Release|x64.ActiveCfg = Plugins.Release|Any CPU
		{BE23E486-DE59-429E-BB20-CBCA8F6E2690}.Plugins.Release|x86.ActiveCfg = Plugins.Release|Any CPU
		{BE23E486-DE59-429E-BB20-CBCA8F6E2690}.Release|Any CPU.ActiveCfg = Release|Any CPU
		{BE23E486-DE59-429E-BB20-CBCA8F6E2690}.Release|Any CPU.Build.0 = Release|Any CPU
		{BE23E486-DE59-429E-BB20-CBCA8F6E2690}.Release|Mixed Platforms.ActiveCfg = Release|Any CPU
		{BE23E486-DE59-429E-BB20-CBCA8F6E2690}.Release|Mixed Platforms.Build.0 = Release|Any CPU
		{BE23E486-DE59-429E-BB20-CBCA8F6E2690}.Release|Win32.ActiveCfg = Release|Any CPU
		{BE23E486-DE59-429E-BB20-CBCA8F6E2690}.Release|x64.ActiveCfg = Release|Any CPU
		{BE23E486-DE59-429E-BB20-CBCA8F6E2690}.Release|x86.ActiveCfg = Release|Any CPU
		{A7A905B3-6497-4846-862F-82439BA5C891}.Core.Debug|Any CPU.ActiveCfg = Debug|Any CPU
		{A7A905B3-6497-4846-862F-82439BA5C891}.Core.Debug|Any CPU.Build.0 = Debug|Any CPU
		{A7A905B3-6497-4846-862F-82439BA5C891}.Core.Debug|Mixed Platforms.ActiveCfg = Debug|Any CPU
		{A7A905B3-6497-4846-862F-82439BA5C891}.Core.Debug|Mixed Platforms.Build.0 = Debug|Any CPU
		{A7A905B3-6497-4846-862F-82439BA5C891}.Core.Debug|Win32.ActiveCfg = Debug|Any CPU
		{A7A905B3-6497-4846-862F-82439BA5C891}.Core.Debug|x64.ActiveCfg = Debug|Any CPU
		{A7A905B3-6497-4846-862F-82439BA5C891}.Core.Debug|x86.ActiveCfg = Debug|Any CPU
		{A7A905B3-6497-4846-862F-82439BA5C891}.Core.Release|Any CPU.ActiveCfg = Release|Any CPU
		{A7A905B3-6497-4846-862F-82439BA5C891}.Core.Release|Any CPU.Build.0 = Release|Any CPU
		{A7A905B3-6497-4846-862F-82439BA5C891}.Core.Release|Mixed Platforms.ActiveCfg = Release|Any CPU
		{A7A905B3-6497-4846-862F-82439BA5C891}.Core.Release|Mixed Platforms.Build.0 = Release|Any CPU
		{A7A905B3-6497-4846-862F-82439BA5C891}.Core.Release|Win32.ActiveCfg = Release|Any CPU
		{A7A905B3-6497-4846-862F-82439BA5C891}.Core.Release|x64.ActiveCfg = Release|Any CPU
		{A7A905B3-6497-4846-862F-82439BA5C891}.Core.Release|x86.ActiveCfg = Release|Any CPU
		{A7A905B3-6497-4846-862F-82439BA5C891}.Debug|Any CPU.ActiveCfg = Debug|Any CPU
		{A7A905B3-6497-4846-862F-82439BA5C891}.Debug|Any CPU.Build.0 = Debug|Any CPU
		{A7A905B3-6497-4846-862F-82439BA5C891}.Debug|Mixed Platforms.ActiveCfg = Debug|Any CPU
		{A7A905B3-6497-4846-862F-82439BA5C891}.Debug|Mixed Platforms.Build.0 = Debug|Any CPU
		{A7A905B3-6497-4846-862F-82439BA5C891}.Debug|Win32.ActiveCfg = Debug|Any CPU
		{A7A905B3-6497-4846-862F-82439BA5C891}.Debug|x64.ActiveCfg = Debug|Any CPU
		{A7A905B3-6497-4846-862F-82439BA5C891}.Debug|x86.ActiveCfg = Debug|Any CPU
		{A7A905B3-6497-4846-862F-82439BA5C891}.Full.Debug|Any CPU.ActiveCfg = Debug|Any CPU
		{A7A905B3-6497-4846-862F-82439BA5C891}.Full.Debug|Any CPU.Build.0 = Debug|Any CPU
		{A7A905B3-6497-4846-862F-82439BA5C891}.Full.Debug|Mixed Platforms.ActiveCfg = Debug|Any CPU
		{A7A905B3-6497-4846-862F-82439BA5C891}.Full.Debug|Win32.ActiveCfg = Debug|Any CPU
		{A7A905B3-6497-4846-862F-82439BA5C891}.Full.Debug|x64.ActiveCfg = Debug|Any CPU
		{A7A905B3-6497-4846-862F-82439BA5C891}.Full.Debug|x86.ActiveCfg = Debug|Any CPU
		{A7A905B3-6497-4846-862F-82439BA5C891}.Full.Release|Any CPU.ActiveCfg = Release|Any CPU
		{A7A905B3-6497-4846-862F-82439BA5C891}.Full.Release|Any CPU.Build.0 = Release|Any CPU
		{A7A905B3-6497-4846-862F-82439BA5C891}.Full.Release|Mixed Platforms.ActiveCfg = Release|Any CPU
		{A7A905B3-6497-4846-862F-82439BA5C891}.Full.Release|Mixed Platforms.Build.0 = Release|Any CPU
		{A7A905B3-6497-4846-862F-82439BA5C891}.Full.Release|Win32.ActiveCfg = Release|Any CPU
		{A7A905B3-6497-4846-862F-82439BA5C891}.Full.Release|x64.ActiveCfg = Release|Any CPU
		{A7A905B3-6497-4846-862F-82439BA5C891}.Full.Release|x86.ActiveCfg = Release|Any CPU
		{A7A905B3-6497-4846-862F-82439BA5C891}.Interpreter.Debug|Any CPU.ActiveCfg = Debug|Any CPU
		{A7A905B3-6497-4846-862F-82439BA5C891}.Interpreter.Debug|Any CPU.Build.0 = Debug|Any CPU
		{A7A905B3-6497-4846-862F-82439BA5C891}.Interpreter.Debug|Mixed Platforms.ActiveCfg = Debug|Any CPU
		{A7A905B3-6497-4846-862F-82439BA5C891}.Interpreter.Debug|Mixed Platforms.Build.0 = Debug|Any CPU
		{A7A905B3-6497-4846-862F-82439BA5C891}.Interpreter.Debug|Win32.ActiveCfg = Debug|Any CPU
		{A7A905B3-6497-4846-862F-82439BA5C891}.Interpreter.Debug|x64.ActiveCfg = Debug|Any CPU
		{A7A905B3-6497-4846-862F-82439BA5C891}.Interpreter.Debug|x86.ActiveCfg = Debug|Any CPU
		{A7A905B3-6497-4846-862F-82439BA5C891}.Interpreter.Release|Any CPU.ActiveCfg = Release|Any CPU
		{A7A905B3-6497-4846-862F-82439BA5C891}.Interpreter.Release|Any CPU.Build.0 = Release|Any CPU
		{A7A905B3-6497-4846-862F-82439BA5C891}.Interpreter.Release|Mixed Platforms.ActiveCfg = Release|Any CPU
		{A7A905B3-6497-4846-862F-82439BA5C891}.Interpreter.Release|Mixed Platforms.Build.0 = Release|Any CPU
		{A7A905B3-6497-4846-862F-82439BA5C891}.Interpreter.Release|Win32.ActiveCfg = Release|Any CPU
		{A7A905B3-6497-4846-862F-82439BA5C891}.Interpreter.Release|x64.ActiveCfg = Release|Any CPU
		{A7A905B3-6497-4846-862F-82439BA5C891}.Interpreter.Release|x86.ActiveCfg = Release|Any CPU
		{A7A905B3-6497-4846-862F-82439BA5C891}.Plugins.Debug|Any CPU.ActiveCfg = Debug|Any CPU
		{A7A905B3-6497-4846-862F-82439BA5C891}.Plugins.Debug|Any CPU.Build.0 = Debug|Any CPU
		{A7A905B3-6497-4846-862F-82439BA5C891}.Plugins.Debug|Mixed Platforms.ActiveCfg = Debug|Any CPU
		{A7A905B3-6497-4846-862F-82439BA5C891}.Plugins.Debug|Mixed Platforms.Build.0 = Debug|Any CPU
		{A7A905B3-6497-4846-862F-82439BA5C891}.Plugins.Debug|Win32.ActiveCfg = Debug|Any CPU
		{A7A905B3-6497-4846-862F-82439BA5C891}.Plugins.Debug|x64.ActiveCfg = Debug|Any CPU
		{A7A905B3-6497-4846-862F-82439BA5C891}.Plugins.Debug|x86.ActiveCfg = Debug|Any CPU
		{A7A905B3-6497-4846-862F-82439BA5C891}.Plugins.Release|Any CPU.ActiveCfg = Release|Any CPU
		{A7A905B3-6497-4846-862F-82439BA5C891}.Plugins.Release|Any CPU.Build.0 = Release|Any CPU
		{A7A905B3-6497-4846-862F-82439BA5C891}.Plugins.Release|Mixed Platforms.ActiveCfg = Release|Any CPU
		{A7A905B3-6497-4846-862F-82439BA5C891}.Plugins.Release|Mixed Platforms.Build.0 = Release|Any CPU
		{A7A905B3-6497-4846-862F-82439BA5C891}.Plugins.Release|Win32.ActiveCfg = Release|Any CPU
		{A7A905B3-6497-4846-862F-82439BA5C891}.Plugins.Release|x64.ActiveCfg = Release|Any CPU
		{A7A905B3-6497-4846-862F-82439BA5C891}.Plugins.Release|x86.ActiveCfg = Release|Any CPU
		{A7A905B3-6497-4846-862F-82439BA5C891}.Release|Any CPU.ActiveCfg = Release|Any CPU
		{A7A905B3-6497-4846-862F-82439BA5C891}.Release|Any CPU.Build.0 = Release|Any CPU
		{A7A905B3-6497-4846-862F-82439BA5C891}.Release|Mixed Platforms.ActiveCfg = Release|Any CPU
		{A7A905B3-6497-4846-862F-82439BA5C891}.Release|Mixed Platforms.Build.0 = Release|Any CPU
		{A7A905B3-6497-4846-862F-82439BA5C891}.Release|Win32.ActiveCfg = Release|Any CPU
		{A7A905B3-6497-4846-862F-82439BA5C891}.Release|x64.ActiveCfg = Release|Any CPU
		{A7A905B3-6497-4846-862F-82439BA5C891}.Release|x86.ActiveCfg = Release|Any CPU
		{3C0FB7E9-257D-409F-A7F2-B8E23173917D}.Core.Debug|Any CPU.ActiveCfg = Debug|x86
		{3C0FB7E9-257D-409F-A7F2-B8E23173917D}.Core.Debug|Mixed Platforms.ActiveCfg = Debug|x86
		{3C0FB7E9-257D-409F-A7F2-B8E23173917D}.Core.Debug|Mixed Platforms.Build.0 = Debug|x86
		{3C0FB7E9-257D-409F-A7F2-B8E23173917D}.Core.Debug|Win32.ActiveCfg = Debug|x86
		{3C0FB7E9-257D-409F-A7F2-B8E23173917D}.Core.Debug|x64.ActiveCfg = Debug|x86
		{3C0FB7E9-257D-409F-A7F2-B8E23173917D}.Core.Debug|x86.ActiveCfg = Debug|x86
		{3C0FB7E9-257D-409F-A7F2-B8E23173917D}.Core.Debug|x86.Build.0 = Debug|x86
		{3C0FB7E9-257D-409F-A7F2-B8E23173917D}.Core.Release|Any CPU.ActiveCfg = Release|x86
		{3C0FB7E9-257D-409F-A7F2-B8E23173917D}.Core.Release|Mixed Platforms.ActiveCfg = Release|x86
		{3C0FB7E9-257D-409F-A7F2-B8E23173917D}.Core.Release|Mixed Platforms.Build.0 = Release|x86
		{3C0FB7E9-257D-409F-A7F2-B8E23173917D}.Core.Release|Win32.ActiveCfg = Release|x86
		{3C0FB7E9-257D-409F-A7F2-B8E23173917D}.Core.Release|x64.ActiveCfg = Release|x86
		{3C0FB7E9-257D-409F-A7F2-B8E23173917D}.Core.Release|x86.ActiveCfg = Release|x86
		{3C0FB7E9-257D-409F-A7F2-B8E23173917D}.Core.Release|x86.Build.0 = Release|x86
		{3C0FB7E9-257D-409F-A7F2-B8E23173917D}.Debug|Any CPU.ActiveCfg = Debug|x86
		{3C0FB7E9-257D-409F-A7F2-B8E23173917D}.Debug|Mixed Platforms.ActiveCfg = Debug|x86
		{3C0FB7E9-257D-409F-A7F2-B8E23173917D}.Debug|Mixed Platforms.Build.0 = Debug|x86
		{3C0FB7E9-257D-409F-A7F2-B8E23173917D}.Debug|Win32.ActiveCfg = Debug|x86
		{3C0FB7E9-257D-409F-A7F2-B8E23173917D}.Debug|x64.ActiveCfg = Debug|x86
		{3C0FB7E9-257D-409F-A7F2-B8E23173917D}.Debug|x86.ActiveCfg = Debug|x86
		{3C0FB7E9-257D-409F-A7F2-B8E23173917D}.Debug|x86.Build.0 = Debug|x86
		{3C0FB7E9-257D-409F-A7F2-B8E23173917D}.Full.Debug|Any CPU.ActiveCfg = Debug|x86
		{3C0FB7E9-257D-409F-A7F2-B8E23173917D}.Full.Debug|Mixed Platforms.ActiveCfg = Debug|x86
		{3C0FB7E9-257D-409F-A7F2-B8E23173917D}.Full.Debug|Mixed Platforms.Build.0 = Debug|x86
		{3C0FB7E9-257D-409F-A7F2-B8E23173917D}.Full.Debug|Win32.ActiveCfg = Debug|x86
		{3C0FB7E9-257D-409F-A7F2-B8E23173917D}.Full.Debug|x64.ActiveCfg = Debug|x86
		{3C0FB7E9-257D-409F-A7F2-B8E23173917D}.Full.Debug|x86.ActiveCfg = Debug|x86
		{3C0FB7E9-257D-409F-A7F2-B8E23173917D}.Full.Debug|x86.Build.0 = Debug|x86
		{3C0FB7E9-257D-409F-A7F2-B8E23173917D}.Full.Release|Any CPU.ActiveCfg = Release|x86
		{3C0FB7E9-257D-409F-A7F2-B8E23173917D}.Full.Release|Mixed Platforms.ActiveCfg = Release|x86
		{3C0FB7E9-257D-409F-A7F2-B8E23173917D}.Full.Release|Mixed Platforms.Build.0 = Release|x86
		{3C0FB7E9-257D-409F-A7F2-B8E23173917D}.Full.Release|Win32.ActiveCfg = Release|x86
		{3C0FB7E9-257D-409F-A7F2-B8E23173917D}.Full.Release|x64.ActiveCfg = Release|x86
		{3C0FB7E9-257D-409F-A7F2-B8E23173917D}.Full.Release|x86.ActiveCfg = Release|x86
		{3C0FB7E9-257D-409F-A7F2-B8E23173917D}.Full.Release|x86.Build.0 = Release|x86
		{3C0FB7E9-257D-409F-A7F2-B8E23173917D}.Interpreter.Debug|Any CPU.ActiveCfg = Debug|x86
		{3C0FB7E9-257D-409F-A7F2-B8E23173917D}.Interpreter.Debug|Mixed Platforms.ActiveCfg = Debug|x86
		{3C0FB7E9-257D-409F-A7F2-B8E23173917D}.Interpreter.Debug|Mixed Platforms.Build.0 = Debug|x86
		{3C0FB7E9-257D-409F-A7F2-B8E23173917D}.Interpreter.Debug|Win32.ActiveCfg = Debug|x86
		{3C0FB7E9-257D-409F-A7F2-B8E23173917D}.Interpreter.Debug|x64.ActiveCfg = Debug|x86
		{3C0FB7E9-257D-409F-A7F2-B8E23173917D}.Interpreter.Debug|x86.ActiveCfg = Debug|x86
		{3C0FB7E9-257D-409F-A7F2-B8E23173917D}.Interpreter.Debug|x86.Build.0 = Debug|x86
		{3C0FB7E9-257D-409F-A7F2-B8E23173917D}.Interpreter.Release|Any CPU.ActiveCfg = Release|x86
		{3C0FB7E9-257D-409F-A7F2-B8E23173917D}.Interpreter.Release|Mixed Platforms.ActiveCfg = Release|x86
		{3C0FB7E9-257D-409F-A7F2-B8E23173917D}.Interpreter.Release|Mixed Platforms.Build.0 = Release|x86
		{3C0FB7E9-257D-409F-A7F2-B8E23173917D}.Interpreter.Release|Win32.ActiveCfg = Release|x86
		{3C0FB7E9-257D-409F-A7F2-B8E23173917D}.Interpreter.Release|x64.ActiveCfg = Release|x86
		{3C0FB7E9-257D-409F-A7F2-B8E23173917D}.Interpreter.Release|x86.ActiveCfg = Release|x86
		{3C0FB7E9-257D-409F-A7F2-B8E23173917D}.Interpreter.Release|x86.Build.0 = Release|x86
		{3C0FB7E9-257D-409F-A7F2-B8E23173917D}.Plugins.Debug|Any CPU.ActiveCfg = Debug|x86
		{3C0FB7E9-257D-409F-A7F2-B8E23173917D}.Plugins.Debug|Mixed Platforms.ActiveCfg = Debug|x86
		{3C0FB7E9-257D-409F-A7F2-B8E23173917D}.Plugins.Debug|Mixed Platforms.Build.0 = Debug|x86
		{3C0FB7E9-257D-409F-A7F2-B8E23173917D}.Plugins.Debug|Win32.ActiveCfg = Debug|x86
		{3C0FB7E9-257D-409F-A7F2-B8E23173917D}.Plugins.Debug|x64.ActiveCfg = Debug|x86
		{3C0FB7E9-257D-409F-A7F2-B8E23173917D}.Plugins.Debug|x86.ActiveCfg = Debug|x86
		{3C0FB7E9-257D-409F-A7F2-B8E23173917D}.Plugins.Debug|x86.Build.0 = Debug|x86
		{3C0FB7E9-257D-409F-A7F2-B8E23173917D}.Plugins.Release|Any CPU.ActiveCfg = Release|x86
		{3C0FB7E9-257D-409F-A7F2-B8E23173917D}.Plugins.Release|Mixed Platforms.ActiveCfg = Release|x86
		{3C0FB7E9-257D-409F-A7F2-B8E23173917D}.Plugins.Release|Mixed Platforms.Build.0 = Release|x86
		{3C0FB7E9-257D-409F-A7F2-B8E23173917D}.Plugins.Release|Win32.ActiveCfg = Release|x86
		{3C0FB7E9-257D-409F-A7F2-B8E23173917D}.Plugins.Release|x64.ActiveCfg = Release|x86
		{3C0FB7E9-257D-409F-A7F2-B8E23173917D}.Plugins.Release|x86.ActiveCfg = Release|x86
		{3C0FB7E9-257D-409F-A7F2-B8E23173917D}.Plugins.Release|x86.Build.0 = Release|x86
		{3C0FB7E9-257D-409F-A7F2-B8E23173917D}.Release|Any CPU.ActiveCfg = Release|x86
		{3C0FB7E9-257D-409F-A7F2-B8E23173917D}.Release|Mixed Platforms.ActiveCfg = Release|x86
		{3C0FB7E9-257D-409F-A7F2-B8E23173917D}.Release|Mixed Platforms.Build.0 = Release|x86
		{3C0FB7E9-257D-409F-A7F2-B8E23173917D}.Release|Win32.ActiveCfg = Release|x86
		{3C0FB7E9-257D-409F-A7F2-B8E23173917D}.Release|x64.ActiveCfg = Release|x86
		{3C0FB7E9-257D-409F-A7F2-B8E23173917D}.Release|x86.ActiveCfg = Release|x86
		{3C0FB7E9-257D-409F-A7F2-B8E23173917D}.Release|x86.Build.0 = Release|x86
		{53B7620B-EB36-4D10-9A2C-B25807089EF3}.Core.Debug|Any CPU.ActiveCfg = Debug|Any CPU
		{53B7620B-EB36-4D10-9A2C-B25807089EF3}.Core.Debug|Any CPU.Build.0 = Debug|Any CPU
		{53B7620B-EB36-4D10-9A2C-B25807089EF3}.Core.Debug|Mixed Platforms.ActiveCfg = Debug|Any CPU
		{53B7620B-EB36-4D10-9A2C-B25807089EF3}.Core.Debug|Mixed Platforms.Build.0 = Debug|Any CPU
		{53B7620B-EB36-4D10-9A2C-B25807089EF3}.Core.Debug|Win32.ActiveCfg = Debug|Any CPU
		{53B7620B-EB36-4D10-9A2C-B25807089EF3}.Core.Debug|x64.ActiveCfg = Debug|Any CPU
		{53B7620B-EB36-4D10-9A2C-B25807089EF3}.Core.Debug|x86.ActiveCfg = Debug|Any CPU
		{53B7620B-EB36-4D10-9A2C-B25807089EF3}.Core.Release|Any CPU.ActiveCfg = Release|Any CPU
		{53B7620B-EB36-4D10-9A2C-B25807089EF3}.Core.Release|Any CPU.Build.0 = Release|Any CPU
		{53B7620B-EB36-4D10-9A2C-B25807089EF3}.Core.Release|Mixed Platforms.ActiveCfg = Release|Any CPU
		{53B7620B-EB36-4D10-9A2C-B25807089EF3}.Core.Release|Mixed Platforms.Build.0 = Release|Any CPU
		{53B7620B-EB36-4D10-9A2C-B25807089EF3}.Core.Release|Win32.ActiveCfg = Release|Any CPU
		{53B7620B-EB36-4D10-9A2C-B25807089EF3}.Core.Release|x64.ActiveCfg = Release|Any CPU
		{53B7620B-EB36-4D10-9A2C-B25807089EF3}.Core.Release|x86.ActiveCfg = Release|Any CPU
		{53B7620B-EB36-4D10-9A2C-B25807089EF3}.Debug|Any CPU.ActiveCfg = Debug|Any CPU
		{53B7620B-EB36-4D10-9A2C-B25807089EF3}.Debug|Any CPU.Build.0 = Debug|Any CPU
		{53B7620B-EB36-4D10-9A2C-B25807089EF3}.Debug|Mixed Platforms.ActiveCfg = Debug|Any CPU
		{53B7620B-EB36-4D10-9A2C-B25807089EF3}.Debug|Mixed Platforms.Build.0 = Debug|Any CPU
		{53B7620B-EB36-4D10-9A2C-B25807089EF3}.Debug|Win32.ActiveCfg = Debug|Any CPU
		{53B7620B-EB36-4D10-9A2C-B25807089EF3}.Debug|x64.ActiveCfg = Debug|Any CPU
		{53B7620B-EB36-4D10-9A2C-B25807089EF3}.Debug|x86.ActiveCfg = Debug|Any CPU
		{53B7620B-EB36-4D10-9A2C-B25807089EF3}.Full.Debug|Any CPU.ActiveCfg = Debug|Any CPU
		{53B7620B-EB36-4D10-9A2C-B25807089EF3}.Full.Debug|Any CPU.Build.0 = Debug|Any CPU
		{53B7620B-EB36-4D10-9A2C-B25807089EF3}.Full.Debug|Mixed Platforms.ActiveCfg = Debug|Any CPU
		{53B7620B-EB36-4D10-9A2C-B25807089EF3}.Full.Debug|Win32.ActiveCfg = Debug|Any CPU
		{53B7620B-EB36-4D10-9A2C-B25807089EF3}.Full.Debug|x64.ActiveCfg = Debug|Any CPU
		{53B7620B-EB36-4D10-9A2C-B25807089EF3}.Full.Debug|x86.ActiveCfg = Debug|Any CPU
		{53B7620B-EB36-4D10-9A2C-B25807089EF3}.Full.Release|Any CPU.ActiveCfg = Release|Any CPU
		{53B7620B-EB36-4D10-9A2C-B25807089EF3}.Full.Release|Any CPU.Build.0 = Release|Any CPU
		{53B7620B-EB36-4D10-9A2C-B25807089EF3}.Full.Release|Mixed Platforms.ActiveCfg = Release|Any CPU
		{53B7620B-EB36-4D10-9A2C-B25807089EF3}.Full.Release|Mixed Platforms.Build.0 = Release|Any CPU
		{53B7620B-EB36-4D10-9A2C-B25807089EF3}.Full.Release|Win32.ActiveCfg = Release|Any CPU
		{53B7620B-EB36-4D10-9A2C-B25807089EF3}.Full.Release|x64.ActiveCfg = Release|Any CPU
		{53B7620B-EB36-4D10-9A2C-B25807089EF3}.Full.Release|x86.ActiveCfg = Release|Any CPU
		{53B7620B-EB36-4D10-9A2C-B25807089EF3}.Interpreter.Debug|Any CPU.ActiveCfg = Debug|Any CPU
		{53B7620B-EB36-4D10-9A2C-B25807089EF3}.Interpreter.Debug|Any CPU.Build.0 = Debug|Any CPU
		{53B7620B-EB36-4D10-9A2C-B25807089EF3}.Interpreter.Debug|Mixed Platforms.ActiveCfg = Debug|Any CPU
		{53B7620B-EB36-4D10-9A2C-B25807089EF3}.Interpreter.Debug|Mixed Platforms.Build.0 = Debug|Any CPU
		{53B7620B-EB36-4D10-9A2C-B25807089EF3}.Interpreter.Debug|Win32.ActiveCfg = Debug|Any CPU
		{53B7620B-EB36-4D10-9A2C-B25807089EF3}.Interpreter.Debug|x64.ActiveCfg = Debug|Any CPU
		{53B7620B-EB36-4D10-9A2C-B25807089EF3}.Interpreter.Debug|x86.ActiveCfg = Debug|Any CPU
		{53B7620B-EB36-4D10-9A2C-B25807089EF3}.Interpreter.Release|Any CPU.ActiveCfg = Release|Any CPU
		{53B7620B-EB36-4D10-9A2C-B25807089EF3}.Interpreter.Release|Any CPU.Build.0 = Release|Any CPU
		{53B7620B-EB36-4D10-9A2C-B25807089EF3}.Interpreter.Release|Mixed Platforms.ActiveCfg = Release|Any CPU
		{53B7620B-EB36-4D10-9A2C-B25807089EF3}.Interpreter.Release|Mixed Platforms.Build.0 = Release|Any CPU
		{53B7620B-EB36-4D10-9A2C-B25807089EF3}.Interpreter.Release|Win32.ActiveCfg = Release|Any CPU
		{53B7620B-EB36-4D10-9A2C-B25807089EF3}.Interpreter.Release|x64.ActiveCfg = Release|Any CPU
		{53B7620B-EB36-4D10-9A2C-B25807089EF3}.Interpreter.Release|x86.ActiveCfg = Release|Any CPU
		{53B7620B-EB36-4D10-9A2C-B25807089EF3}.Plugins.Debug|Any CPU.ActiveCfg = Debug|Any CPU
		{53B7620B-EB36-4D10-9A2C-B25807089EF3}.Plugins.Debug|Any CPU.Build.0 = Debug|Any CPU
		{53B7620B-EB36-4D10-9A2C-B25807089EF3}.Plugins.Debug|Mixed Platforms.ActiveCfg = Debug|Any CPU
		{53B7620B-EB36-4D10-9A2C-B25807089EF3}.Plugins.Debug|Mixed Platforms.Build.0 = Debug|Any CPU
		{53B7620B-EB36-4D10-9A2C-B25807089EF3}.Plugins.Debug|Win32.ActiveCfg = Debug|Any CPU
		{53B7620B-EB36-4D10-9A2C-B25807089EF3}.Plugins.Debug|x64.ActiveCfg = Debug|Any CPU
		{53B7620B-EB36-4D10-9A2C-B25807089EF3}.Plugins.Debug|x86.ActiveCfg = Debug|Any CPU
		{53B7620B-EB36-4D10-9A2C-B25807089EF3}.Plugins.Release|Any CPU.ActiveCfg = Release|Any CPU
		{53B7620B-EB36-4D10-9A2C-B25807089EF3}.Plugins.Release|Any CPU.Build.0 = Release|Any CPU
		{53B7620B-EB36-4D10-9A2C-B25807089EF3}.Plugins.Release|Mixed Platforms.ActiveCfg = Release|Any CPU
		{53B7620B-EB36-4D10-9A2C-B25807089EF3}.Plugins.Release|Mixed Platforms.Build.0 = Release|Any CPU
		{53B7620B-EB36-4D10-9A2C-B25807089EF3}.Plugins.Release|Win32.ActiveCfg = Release|Any CPU
		{53B7620B-EB36-4D10-9A2C-B25807089EF3}.Plugins.Release|x64.ActiveCfg = Release|Any CPU
		{53B7620B-EB36-4D10-9A2C-B25807089EF3}.Plugins.Release|x86.ActiveCfg = Release|Any CPU
		{53B7620B-EB36-4D10-9A2C-B25807089EF3}.Release|Any CPU.ActiveCfg = Release|Any CPU
		{53B7620B-EB36-4D10-9A2C-B25807089EF3}.Release|Any CPU.Build.0 = Release|Any CPU
		{53B7620B-EB36-4D10-9A2C-B25807089EF3}.Release|Mixed Platforms.ActiveCfg = Release|Any CPU
		{53B7620B-EB36-4D10-9A2C-B25807089EF3}.Release|Mixed Platforms.Build.0 = Release|Any CPU
		{53B7620B-EB36-4D10-9A2C-B25807089EF3}.Release|Win32.ActiveCfg = Release|Any CPU
		{53B7620B-EB36-4D10-9A2C-B25807089EF3}.Release|x64.ActiveCfg = Release|Any CPU
		{53B7620B-EB36-4D10-9A2C-B25807089EF3}.Release|x86.ActiveCfg = Release|Any CPU
		{12C02B39-CB6C-4E3A-A8FB-5C2FBD0078EC}.Core.Debug|Any CPU.ActiveCfg = Core.Debug|Win32
		{12C02B39-CB6C-4E3A-A8FB-5C2FBD0078EC}.Core.Debug|Mixed Platforms.ActiveCfg = Core.Debug|Win32
		{12C02B39-CB6C-4E3A-A8FB-5C2FBD0078EC}.Core.Debug|Mixed Platforms.Build.0 = Core.Debug|Win32
		{12C02B39-CB6C-4E3A-A8FB-5C2FBD0078EC}.Core.Debug|Win32.ActiveCfg = Core.Debug|Win32
		{12C02B39-CB6C-4E3A-A8FB-5C2FBD0078EC}.Core.Debug|Win32.Build.0 = Core.Debug|Win32
		{12C02B39-CB6C-4E3A-A8FB-5C2FBD0078EC}.Core.Debug|x64.ActiveCfg = Core.Debug|Win32
		{12C02B39-CB6C-4E3A-A8FB-5C2FBD0078EC}.Core.Debug|x86.ActiveCfg = Core.Debug|Win32
		{12C02B39-CB6C-4E3A-A8FB-5C2FBD0078EC}.Core.Release|Any CPU.ActiveCfg = Core.Release|Win32
		{12C02B39-CB6C-4E3A-A8FB-5C2FBD0078EC}.Core.Release|Mixed Platforms.ActiveCfg = Core.Release|Win32
		{12C02B39-CB6C-4E3A-A8FB-5C2FBD0078EC}.Core.Release|Mixed Platforms.Build.0 = Core.Release|Win32
		{12C02B39-CB6C-4E3A-A8FB-5C2FBD0078EC}.Core.Release|Win32.ActiveCfg = Core.Release|Win32
		{12C02B39-CB6C-4E3A-A8FB-5C2FBD0078EC}.Core.Release|Win32.Build.0 = Core.Release|Win32
		{12C02B39-CB6C-4E3A-A8FB-5C2FBD0078EC}.Core.Release|x64.ActiveCfg = Core.Release|Win32
		{12C02B39-CB6C-4E3A-A8FB-5C2FBD0078EC}.Core.Release|x86.ActiveCfg = Core.Release|Win32
		{12C02B39-CB6C-4E3A-A8FB-5C2FBD0078EC}.Debug|Any CPU.ActiveCfg = Debug|Win32
		{12C02B39-CB6C-4E3A-A8FB-5C2FBD0078EC}.Debug|Mixed Platforms.ActiveCfg = Debug|Win32
		{12C02B39-CB6C-4E3A-A8FB-5C2FBD0078EC}.Debug|Mixed Platforms.Build.0 = Debug|Win32
		{12C02B39-CB6C-4E3A-A8FB-5C2FBD0078EC}.Debug|Win32.ActiveCfg = Debug|Win32
		{12C02B39-CB6C-4E3A-A8FB-5C2FBD0078EC}.Debug|Win32.Build.0 = Debug|Win32
		{12C02B39-CB6C-4E3A-A8FB-5C2FBD0078EC}.Debug|x64.ActiveCfg = Debug|Win32
		{12C02B39-CB6C-4E3A-A8FB-5C2FBD0078EC}.Debug|x86.ActiveCfg = Debug|Win32
		{12C02B39-CB6C-4E3A-A8FB-5C2FBD0078EC}.Full.Debug|Any CPU.ActiveCfg = Full.Debug|Win32
		{12C02B39-CB6C-4E3A-A8FB-5C2FBD0078EC}.Full.Debug|Mixed Platforms.ActiveCfg = Full.Debug|Win32
		{12C02B39-CB6C-4E3A-A8FB-5C2FBD0078EC}.Full.Debug|Win32.ActiveCfg = Full.Debug|Win32
		{12C02B39-CB6C-4E3A-A8FB-5C2FBD0078EC}.Full.Debug|Win32.Build.0 = Full.Debug|Win32
		{12C02B39-CB6C-4E3A-A8FB-5C2FBD0078EC}.Full.Debug|x64.ActiveCfg = Full.Debug|Win32
		{12C02B39-CB6C-4E3A-A8FB-5C2FBD0078EC}.Full.Debug|x86.ActiveCfg = Full.Debug|Win32
		{12C02B39-CB6C-4E3A-A8FB-5C2FBD0078EC}.Full.Release|Any CPU.ActiveCfg = Full.Release|Win32
		{12C02B39-CB6C-4E3A-A8FB-5C2FBD0078EC}.Full.Release|Mixed Platforms.ActiveCfg = Full.Release|Win32
		{12C02B39-CB6C-4E3A-A8FB-5C2FBD0078EC}.Full.Release|Mixed Platforms.Build.0 = Full.Release|Win32
		{12C02B39-CB6C-4E3A-A8FB-5C2FBD0078EC}.Full.Release|Win32.ActiveCfg = Full.Release|Win32
		{12C02B39-CB6C-4E3A-A8FB-5C2FBD0078EC}.Full.Release|Win32.Build.0 = Full.Release|Win32
		{12C02B39-CB6C-4E3A-A8FB-5C2FBD0078EC}.Full.Release|x64.ActiveCfg = Full.Release|Win32
		{12C02B39-CB6C-4E3A-A8FB-5C2FBD0078EC}.Full.Release|x86.ActiveCfg = Full.Release|Win32
		{12C02B39-CB6C-4E3A-A8FB-5C2FBD0078EC}.Interpreter.Debug|Any CPU.ActiveCfg = Interpreter.Debug|Win32
		{12C02B39-CB6C-4E3A-A8FB-5C2FBD0078EC}.Interpreter.Debug|Mixed Platforms.ActiveCfg = Interpreter.Debug|Win32
		{12C02B39-CB6C-4E3A-A8FB-5C2FBD0078EC}.Interpreter.Debug|Mixed Platforms.Build.0 = Interpreter.Debug|Win32
		{12C02B39-CB6C-4E3A-A8FB-5C2FBD0078EC}.Interpreter.Debug|Win32.ActiveCfg = Interpreter.Debug|Win32
		{12C02B39-CB6C-4E3A-A8FB-5C2FBD0078EC}.Interpreter.Debug|Win32.Build.0 = Interpreter.Debug|Win32
		{12C02B39-CB6C-4E3A-A8FB-5C2FBD0078EC}.Interpreter.Debug|x64.ActiveCfg = Interpreter.Debug|Win32
		{12C02B39-CB6C-4E3A-A8FB-5C2FBD0078EC}.Interpreter.Debug|x86.ActiveCfg = Interpreter.Debug|Win32
		{12C02B39-CB6C-4E3A-A8FB-5C2FBD0078EC}.Interpreter.Release|Any CPU.ActiveCfg = Interpreter.Release|Win32
		{12C02B39-CB6C-4E3A-A8FB-5C2FBD0078EC}.Interpreter.Release|Mixed Platforms.ActiveCfg = Interpreter.Release|Win32
		{12C02B39-CB6C-4E3A-A8FB-5C2FBD0078EC}.Interpreter.Release|Mixed Platforms.Build.0 = Interpreter.Release|Win32
		{12C02B39-CB6C-4E3A-A8FB-5C2FBD0078EC}.Interpreter.Release|Win32.ActiveCfg = Interpreter.Release|Win32
		{12C02B39-CB6C-4E3A-A8FB-5C2FBD0078EC}.Interpreter.Release|Win32.Build.0 = Interpreter.Release|Win32
		{12C02B39-CB6C-4E3A-A8FB-5C2FBD0078EC}.Interpreter.Release|x64.ActiveCfg = Interpreter.Release|Win32
		{12C02B39-CB6C-4E3A-A8FB-5C2FBD0078EC}.Interpreter.Release|x86.ActiveCfg = Interpreter.Release|Win32
		{12C02B39-CB6C-4E3A-A8FB-5C2FBD0078EC}.Plugins.Debug|Any CPU.ActiveCfg = Plugins.Debug|Win32
		{12C02B39-CB6C-4E3A-A8FB-5C2FBD0078EC}.Plugins.Debug|Mixed Platforms.ActiveCfg = Plugins.Debug|Win32
		{12C02B39-CB6C-4E3A-A8FB-5C2FBD0078EC}.Plugins.Debug|Mixed Platforms.Build.0 = Plugins.Debug|Win32
		{12C02B39-CB6C-4E3A-A8FB-5C2FBD0078EC}.Plugins.Debug|Win32.ActiveCfg = Plugins.Debug|Win32
		{12C02B39-CB6C-4E3A-A8FB-5C2FBD0078EC}.Plugins.Debug|Win32.Build.0 = Plugins.Debug|Win32
		{12C02B39-CB6C-4E3A-A8FB-5C2FBD0078EC}.Plugins.Debug|x64.ActiveCfg = Plugins.Debug|Win32
		{12C02B39-CB6C-4E3A-A8FB-5C2FBD0078EC}.Plugins.Debug|x86.ActiveCfg = Plugins.Debug|Win32
		{12C02B39-CB6C-4E3A-A8FB-5C2FBD0078EC}.Plugins.Release|Any CPU.ActiveCfg = Plugins.Release|Win32
		{12C02B39-CB6C-4E3A-A8FB-5C2FBD0078EC}.Plugins.Release|Mixed Platforms.ActiveCfg = Plugins.Release|Win32
		{12C02B39-CB6C-4E3A-A8FB-5C2FBD0078EC}.Plugins.Release|Mixed Platforms.Build.0 = Plugins.Release|Win32
		{12C02B39-CB6C-4E3A-A8FB-5C2FBD0078EC}.Plugins.Release|Win32.ActiveCfg = Plugins.Release|Win32
		{12C02B39-CB6C-4E3A-A8FB-5C2FBD0078EC}.Plugins.Release|Win32.Build.0 = Plugins.Release|Win32
		{12C02B39-CB6C-4E3A-A8FB-5C2FBD0078EC}.Plugins.Release|x64.ActiveCfg = Plugins.Release|Win32
		{12C02B39-CB6C-4E3A-A8FB-5C2FBD0078EC}.Plugins.Release|x86.ActiveCfg = Plugins.Release|Win32
		{12C02B39-CB6C-4E3A-A8FB-5C2FBD0078EC}.Release|Any CPU.ActiveCfg = Release|Win32
		{12C02B39-CB6C-4E3A-A8FB-5C2FBD0078EC}.Release|Mixed Platforms.ActiveCfg = Release|Win32
		{12C02B39-CB6C-4E3A-A8FB-5C2FBD0078EC}.Release|Mixed Platforms.Build.0 = Release|Win32
		{12C02B39-CB6C-4E3A-A8FB-5C2FBD0078EC}.Release|Win32.ActiveCfg = Release|Win32
		{12C02B39-CB6C-4E3A-A8FB-5C2FBD0078EC}.Release|Win32.Build.0 = Release|Win32
		{12C02B39-CB6C-4E3A-A8FB-5C2FBD0078EC}.Release|x64.ActiveCfg = Release|Win32
		{12C02B39-CB6C-4E3A-A8FB-5C2FBD0078EC}.Release|x86.ActiveCfg = Release|Win32
		{DA5B1F03-4451-467B-8E17-1CE058EC3304}.Core.Debug|Any CPU.ActiveCfg = Core.Debug|x86
		{DA5B1F03-4451-467B-8E17-1CE058EC3304}.Core.Debug|Mixed Platforms.ActiveCfg = Core.Debug|x86
		{DA5B1F03-4451-467B-8E17-1CE058EC3304}.Core.Debug|Mixed Platforms.Build.0 = Core.Debug|x86
		{DA5B1F03-4451-467B-8E17-1CE058EC3304}.Core.Debug|Win32.ActiveCfg = Core.Debug|x86
		{DA5B1F03-4451-467B-8E17-1CE058EC3304}.Core.Debug|x64.ActiveCfg = Core.Debug|x86
		{DA5B1F03-4451-467B-8E17-1CE058EC3304}.Core.Debug|x86.ActiveCfg = Core.Debug|x86
		{DA5B1F03-4451-467B-8E17-1CE058EC3304}.Core.Debug|x86.Build.0 = Core.Debug|x86
		{DA5B1F03-4451-467B-8E17-1CE058EC3304}.Core.Release|Any CPU.ActiveCfg = Core.Release|x86
		{DA5B1F03-4451-467B-8E17-1CE058EC3304}.Core.Release|Mixed Platforms.ActiveCfg = Core.Release|x86
		{DA5B1F03-4451-467B-8E17-1CE058EC3304}.Core.Release|Mixed Platforms.Build.0 = Core.Release|x86
		{DA5B1F03-4451-467B-8E17-1CE058EC3304}.Core.Release|Win32.ActiveCfg = Core.Release|x86
		{DA5B1F03-4451-467B-8E17-1CE058EC3304}.Core.Release|x64.ActiveCfg = Core.Release|x86
		{DA5B1F03-4451-467B-8E17-1CE058EC3304}.Core.Release|x86.ActiveCfg = Core.Release|x86
		{DA5B1F03-4451-467B-8E17-1CE058EC3304}.Core.Release|x86.Build.0 = Core.Release|x86
		{DA5B1F03-4451-467B-8E17-1CE058EC3304}.Debug|Any CPU.ActiveCfg = Debug|x86
		{DA5B1F03-4451-467B-8E17-1CE058EC3304}.Debug|Mixed Platforms.ActiveCfg = Debug|x86
		{DA5B1F03-4451-467B-8E17-1CE058EC3304}.Debug|Mixed Platforms.Build.0 = Debug|x86
		{DA5B1F03-4451-467B-8E17-1CE058EC3304}.Debug|Win32.ActiveCfg = Debug|x86
		{DA5B1F03-4451-467B-8E17-1CE058EC3304}.Debug|x64.ActiveCfg = Debug|x86
		{DA5B1F03-4451-467B-8E17-1CE058EC3304}.Debug|x86.ActiveCfg = Debug|x86
		{DA5B1F03-4451-467B-8E17-1CE058EC3304}.Debug|x86.Build.0 = Debug|x86
		{DA5B1F03-4451-467B-8E17-1CE058EC3304}.Full.Debug|Any CPU.ActiveCfg = Full.Debug|x86
		{DA5B1F03-4451-467B-8E17-1CE058EC3304}.Full.Debug|Mixed Platforms.ActiveCfg = Full.Debug|x86
		{DA5B1F03-4451-467B-8E17-1CE058EC3304}.Full.Debug|Win32.ActiveCfg = Full.Debug|x86
		{DA5B1F03-4451-467B-8E17-1CE058EC3304}.Full.Debug|x64.ActiveCfg = Full.Debug|x86
		{DA5B1F03-4451-467B-8E17-1CE058EC3304}.Full.Debug|x86.ActiveCfg = Full.Debug|x86
		{DA5B1F03-4451-467B-8E17-1CE058EC3304}.Full.Debug|x86.Build.0 = Full.Debug|x86
		{DA5B1F03-4451-467B-8E17-1CE058EC3304}.Full.Release|Any CPU.ActiveCfg = Full.Release|x86
		{DA5B1F03-4451-467B-8E17-1CE058EC3304}.Full.Release|Mixed Platforms.ActiveCfg = Full.Release|x86
		{DA5B1F03-4451-467B-8E17-1CE058EC3304}.Full.Release|Mixed Platforms.Build.0 = Full.Release|x86
		{DA5B1F03-4451-467B-8E17-1CE058EC3304}.Full.Release|Win32.ActiveCfg = Full.Release|x86
		{DA5B1F03-4451-467B-8E17-1CE058EC3304}.Full.Release|x64.ActiveCfg = Full.Release|x86
		{DA5B1F03-4451-467B-8E17-1CE058EC3304}.Full.Release|x86.ActiveCfg = Full.Release|x86
		{DA5B1F03-4451-467B-8E17-1CE058EC3304}.Full.Release|x86.Build.0 = Full.Release|x86
		{DA5B1F03-4451-467B-8E17-1CE058EC3304}.Interpreter.Debug|Any CPU.ActiveCfg = Interpreter.Debug|x86
		{DA5B1F03-4451-467B-8E17-1CE058EC3304}.Interpreter.Debug|Mixed Platforms.ActiveCfg = Interpreter.Debug|x86
		{DA5B1F03-4451-467B-8E17-1CE058EC3304}.Interpreter.Debug|Mixed Platforms.Build.0 = Interpreter.Debug|x86
		{DA5B1F03-4451-467B-8E17-1CE058EC3304}.Interpreter.Debug|Win32.ActiveCfg = Interpreter.Debug|x86
		{DA5B1F03-4451-467B-8E17-1CE058EC3304}.Interpreter.Debug|x64.ActiveCfg = Interpreter.Debug|x86
		{DA5B1F03-4451-467B-8E17-1CE058EC3304}.Interpreter.Debug|x86.ActiveCfg = Interpreter.Debug|x86
		{DA5B1F03-4451-467B-8E17-1CE058EC3304}.Interpreter.Debug|x86.Build.0 = Interpreter.Debug|x86
		{DA5B1F03-4451-467B-8E17-1CE058EC3304}.Interpreter.Release|Any CPU.ActiveCfg = Interpreter.Release|x86
		{DA5B1F03-4451-467B-8E17-1CE058EC3304}.Interpreter.Release|Mixed Platforms.ActiveCfg = Interpreter.Release|x86
		{DA5B1F03-4451-467B-8E17-1CE058EC3304}.Interpreter.Release|Mixed Platforms.Build.0 = Interpreter.Release|x86
		{DA5B1F03-4451-467B-8E17-1CE058EC3304}.Interpreter.Release|Win32.ActiveCfg = Interpreter.Release|x86
		{DA5B1F03-4451-467B-8E17-1CE058EC3304}.Interpreter.Release|x64.ActiveCfg = Interpreter.Release|x86
		{DA5B1F03-4451-467B-8E17-1CE058EC3304}.Interpreter.Release|x86.ActiveCfg = Interpreter.Release|x86
		{DA5B1F03-4451-467B-8E17-1CE058EC3304}.Interpreter.Release|x86.Build.0 = Interpreter.Release|x86
		{DA5B1F03-4451-467B-8E17-1CE058EC3304}.Plugins.Debug|Any CPU.ActiveCfg = Plugins.Debug|x86
		{DA5B1F03-4451-467B-8E17-1CE058EC3304}.Plugins.Debug|Mixed Platforms.ActiveCfg = Plugins.Debug|x86
		{DA5B1F03-4451-467B-8E17-1CE058EC3304}.Plugins.Debug|Mixed Platforms.Build.0 = Plugins.Debug|x86
		{DA5B1F03-4451-467B-8E17-1CE058EC3304}.Plugins.Debug|Win32.ActiveCfg = Plugins.Debug|x86
		{DA5B1F03-4451-467B-8E17-1CE058EC3304}.Plugins.Debug|x64.ActiveCfg = Plugins.Debug|x86
		{DA5B1F03-4451-467B-8E17-1CE058EC3304}.Plugins.Debug|x86.ActiveCfg = Plugins.Debug|x86
		{DA5B1F03-4451-467B-8E17-1CE058EC3304}.Plugins.Debug|x86.Build.0 = Plugins.Debug|x86
		{DA5B1F03-4451-467B-8E17-1CE058EC3304}.Plugins.Release|Any CPU.ActiveCfg = Plugins.Release|x86
		{DA5B1F03-4451-467B-8E17-1CE058EC3304}.Plugins.Release|Mixed Platforms.ActiveCfg = Plugins.Release|x86
		{DA5B1F03-4451-467B-8E17-1CE058EC3304}.Plugins.Release|Mixed Platforms.Build.0 = Plugins.Release|x86
		{DA5B1F03-4451-467B-8E17-1CE058EC3304}.Plugins.Release|Win32.ActiveCfg = Plugins.Release|x86
		{DA5B1F03-4451-467B-8E17-1CE058EC3304}.Plugins.Release|x64.ActiveCfg = Plugins.Release|x86
		{DA5B1F03-4451-467B-8E17-1CE058EC3304}.Plugins.Release|x86.ActiveCfg = Plugins.Release|x86
		{DA5B1F03-4451-467B-8E17-1CE058EC3304}.Plugins.Release|x86.Build.0 = Plugins.Release|x86
		{DA5B1F03-4451-467B-8E17-1CE058EC3304}.Release|Any CPU.ActiveCfg = Release|x86
		{DA5B1F03-4451-467B-8E17-1CE058EC3304}.Release|Mixed Platforms.ActiveCfg = Release|x86
		{DA5B1F03-4451-467B-8E17-1CE058EC3304}.Release|Mixed Platforms.Build.0 = Release|x86
		{DA5B1F03-4451-467B-8E17-1CE058EC3304}.Release|Win32.ActiveCfg = Release|x86
		{DA5B1F03-4451-467B-8E17-1CE058EC3304}.Release|x64.ActiveCfg = Release|x86
		{DA5B1F03-4451-467B-8E17-1CE058EC3304}.Release|x86.ActiveCfg = Release|x86
		{DA5B1F03-4451-467B-8E17-1CE058EC3304}.Release|x86.Build.0 = Release|x86
		{3D1EDCCE-C4D7-4E77-9E1C-1A689D188A9A}.Core.Debug|Any CPU.ActiveCfg = Debug|x64
		{3D1EDCCE-C4D7-4E77-9E1C-1A689D188A9A}.Core.Debug|Mixed Platforms.ActiveCfg = Debug|x64
		{3D1EDCCE-C4D7-4E77-9E1C-1A689D188A9A}.Core.Debug|Mixed Platforms.Build.0 = Debug|x64
		{3D1EDCCE-C4D7-4E77-9E1C-1A689D188A9A}.Core.Debug|Win32.ActiveCfg = Debug|Win32
		{3D1EDCCE-C4D7-4E77-9E1C-1A689D188A9A}.Core.Debug|Win32.Build.0 = Debug|Win32
		{3D1EDCCE-C4D7-4E77-9E1C-1A689D188A9A}.Core.Debug|x64.ActiveCfg = Debug|x64
		{3D1EDCCE-C4D7-4E77-9E1C-1A689D188A9A}.Core.Debug|x64.Build.0 = Debug|x64
		{3D1EDCCE-C4D7-4E77-9E1C-1A689D188A9A}.Core.Debug|x86.ActiveCfg = Debug|x64
		{3D1EDCCE-C4D7-4E77-9E1C-1A689D188A9A}.Core.Release|Any CPU.ActiveCfg = Release|x64
		{3D1EDCCE-C4D7-4E77-9E1C-1A689D188A9A}.Core.Release|Mixed Platforms.ActiveCfg = Release|x64
		{3D1EDCCE-C4D7-4E77-9E1C-1A689D188A9A}.Core.Release|Mixed Platforms.Build.0 = Release|x64
		{3D1EDCCE-C4D7-4E77-9E1C-1A689D188A9A}.Core.Release|Win32.ActiveCfg = Release|Win32
		{3D1EDCCE-C4D7-4E77-9E1C-1A689D188A9A}.Core.Release|Win32.Build.0 = Release|Win32
		{3D1EDCCE-C4D7-4E77-9E1C-1A689D188A9A}.Core.Release|x64.ActiveCfg = Release|x64
		{3D1EDCCE-C4D7-4E77-9E1C-1A689D188A9A}.Core.Release|x64.Build.0 = Release|x64
		{3D1EDCCE-C4D7-4E77-9E1C-1A689D188A9A}.Core.Release|x86.ActiveCfg = Release|x64
		{3D1EDCCE-C4D7-4E77-9E1C-1A689D188A9A}.Debug|Any CPU.ActiveCfg = Debug|x64
		{3D1EDCCE-C4D7-4E77-9E1C-1A689D188A9A}.Debug|Mixed Platforms.ActiveCfg = Debug|x64
		{3D1EDCCE-C4D7-4E77-9E1C-1A689D188A9A}.Debug|Mixed Platforms.Build.0 = Debug|x64
		{3D1EDCCE-C4D7-4E77-9E1C-1A689D188A9A}.Debug|Win32.ActiveCfg = Debug|Win32
		{3D1EDCCE-C4D7-4E77-9E1C-1A689D188A9A}.Debug|Win32.Build.0 = Debug|Win32
		{3D1EDCCE-C4D7-4E77-9E1C-1A689D188A9A}.Debug|x64.ActiveCfg = Debug|x64
		{3D1EDCCE-C4D7-4E77-9E1C-1A689D188A9A}.Debug|x64.Build.0 = Debug|x64
		{3D1EDCCE-C4D7-4E77-9E1C-1A689D188A9A}.Debug|x86.ActiveCfg = Debug|x64
		{3D1EDCCE-C4D7-4E77-9E1C-1A689D188A9A}.Full.Debug|Any CPU.ActiveCfg = Debug|x64
		{3D1EDCCE-C4D7-4E77-9E1C-1A689D188A9A}.Full.Debug|Mixed Platforms.ActiveCfg = Debug|Win32
		{3D1EDCCE-C4D7-4E77-9E1C-1A689D188A9A}.Full.Debug|Mixed Platforms.Build.0 = Debug|Win32
		{3D1EDCCE-C4D7-4E77-9E1C-1A689D188A9A}.Full.Debug|Win32.ActiveCfg = Debug|Win32
		{3D1EDCCE-C4D7-4E77-9E1C-1A689D188A9A}.Full.Debug|Win32.Build.0 = Debug|Win32
		{3D1EDCCE-C4D7-4E77-9E1C-1A689D188A9A}.Full.Debug|x64.ActiveCfg = Debug|x64
		{3D1EDCCE-C4D7-4E77-9E1C-1A689D188A9A}.Full.Debug|x64.Build.0 = Debug|x64
		{3D1EDCCE-C4D7-4E77-9E1C-1A689D188A9A}.Full.Debug|x86.ActiveCfg = Debug|x64
		{3D1EDCCE-C4D7-4E77-9E1C-1A689D188A9A}.Full.Release|Any CPU.ActiveCfg = Release|x64
		{3D1EDCCE-C4D7-4E77-9E1C-1A689D188A9A}.Full.Release|Mixed Platforms.ActiveCfg = Release|x64
		{3D1EDCCE-C4D7-4E77-9E1C-1A689D188A9A}.Full.Release|Mixed Platforms.Build.0 = Release|x64
		{3D1EDCCE-C4D7-4E77-9E1C-1A689D188A9A}.Full.Release|Win32.ActiveCfg = Release|Win32
		{3D1EDCCE-C4D7-4E77-9E1C-1A689D188A9A}.Full.Release|Win32.Build.0 = Release|Win32
		{3D1EDCCE-C4D7-4E77-9E1C-1A689D188A9A}.Full.Release|x64.ActiveCfg = Release|x64
		{3D1EDCCE-C4D7-4E77-9E1C-1A689D188A9A}.Full.Release|x64.Build.0 = Release|x64
		{3D1EDCCE-C4D7-4E77-9E1C-1A689D188A9A}.Full.Release|x86.ActiveCfg = Release|x64
		{3D1EDCCE-C4D7-4E77-9E1C-1A689D188A9A}.Interpreter.Debug|Any CPU.ActiveCfg = Debug|x64
		{3D1EDCCE-C4D7-4E77-9E1C-1A689D188A9A}.Interpreter.Debug|Mixed Platforms.ActiveCfg = Debug|x64
		{3D1EDCCE-C4D7-4E77-9E1C-1A689D188A9A}.Interpreter.Debug|Mixed Platforms.Build.0 = Debug|x64
		{3D1EDCCE-C4D7-4E77-9E1C-1A689D188A9A}.Interpreter.Debug|Win32.ActiveCfg = Debug|Win32
		{3D1EDCCE-C4D7-4E77-9E1C-1A689D188A9A}.Interpreter.Debug|Win32.Build.0 = Debug|Win32
		{3D1EDCCE-C4D7-4E77-9E1C-1A689D188A9A}.Interpreter.Debug|x64.ActiveCfg = Debug|x64
		{3D1EDCCE-C4D7-4E77-9E1C-1A689D188A9A}.Interpreter.Debug|x64.Build.0 = Debug|x64
		{3D1EDCCE-C4D7-4E77-9E1C-1A689D188A9A}.Interpreter.Debug|x86.ActiveCfg = Debug|x64
		{3D1EDCCE-C4D7-4E77-9E1C-1A689D188A9A}.Interpreter.Release|Any CPU.ActiveCfg = Release|x64
		{3D1EDCCE-C4D7-4E77-9E1C-1A689D188A9A}.Interpreter.Release|Mixed Platforms.ActiveCfg = Release|x64
		{3D1EDCCE-C4D7-4E77-9E1C-1A689D188A9A}.Interpreter.Release|Mixed Platforms.Build.0 = Release|x64
		{3D1EDCCE-C4D7-4E77-9E1C-1A689D188A9A}.Interpreter.Release|Win32.ActiveCfg = Release|Win32
		{3D1EDCCE-C4D7-4E77-9E1C-1A689D188A9A}.Interpreter.Release|Win32.Build.0 = Release|Win32
		{3D1EDCCE-C4D7-4E77-9E1C-1A689D188A9A}.Interpreter.Release|x64.ActiveCfg = Release|x64
		{3D1EDCCE-C4D7-4E77-9E1C-1A689D188A9A}.Interpreter.Release|x64.Build.0 = Release|x64
		{3D1EDCCE-C4D7-4E77-9E1C-1A689D188A9A}.Interpreter.Release|x86.ActiveCfg = Release|x64
		{3D1EDCCE-C4D7-4E77-9E1C-1A689D188A9A}.Plugins.Debug|Any CPU.ActiveCfg = Debug|x64
		{3D1EDCCE-C4D7-4E77-9E1C-1A689D188A9A}.Plugins.Debug|Mixed Platforms.ActiveCfg = Debug|x64
		{3D1EDCCE-C4D7-4E77-9E1C-1A689D188A9A}.Plugins.Debug|Mixed Platforms.Build.0 = Debug|x64
		{3D1EDCCE-C4D7-4E77-9E1C-1A689D188A9A}.Plugins.Debug|Win32.ActiveCfg = Debug|Win32
		{3D1EDCCE-C4D7-4E77-9E1C-1A689D188A9A}.Plugins.Debug|Win32.Build.0 = Debug|Win32
		{3D1EDCCE-C4D7-4E77-9E1C-1A689D188A9A}.Plugins.Debug|x64.ActiveCfg = Debug|x64
		{3D1EDCCE-C4D7-4E77-9E1C-1A689D188A9A}.Plugins.Debug|x64.Build.0 = Debug|x64
		{3D1EDCCE-C4D7-4E77-9E1C-1A689D188A9A}.Plugins.Debug|x86.ActiveCfg = Debug|x64
		{3D1EDCCE-C4D7-4E77-9E1C-1A689D188A9A}.Plugins.Release|Any CPU.ActiveCfg = Release|x64
		{3D1EDCCE-C4D7-4E77-9E1C-1A689D188A9A}.Plugins.Release|Mixed Platforms.ActiveCfg = Release|x64
		{3D1EDCCE-C4D7-4E77-9E1C-1A689D188A9A}.Plugins.Release|Mixed Platforms.Build.0 = Release|x64
		{3D1EDCCE-C4D7-4E77-9E1C-1A689D188A9A}.Plugins.Release|Win32.ActiveCfg = Release|Win32
		{3D1EDCCE-C4D7-4E77-9E1C-1A689D188A9A}.Plugins.Release|Win32.Build.0 = Release|Win32
		{3D1EDCCE-C4D7-4E77-9E1C-1A689D188A9A}.Plugins.Release|x64.ActiveCfg = Release|x64
		{3D1EDCCE-C4D7-4E77-9E1C-1A689D188A9A}.Plugins.Release|x64.Build.0 = Release|x64
		{3D1EDCCE-C4D7-4E77-9E1C-1A689D188A9A}.Plugins.Release|x86.ActiveCfg = Release|x64
		{3D1EDCCE-C4D7-4E77-9E1C-1A689D188A9A}.Release|Any CPU.ActiveCfg = Release|x64
		{3D1EDCCE-C4D7-4E77-9E1C-1A689D188A9A}.Release|Mixed Platforms.ActiveCfg = Release|x64
		{3D1EDCCE-C4D7-4E77-9E1C-1A689D188A9A}.Release|Mixed Platforms.Build.0 = Release|x64
		{3D1EDCCE-C4D7-4E77-9E1C-1A689D188A9A}.Release|Win32.ActiveCfg = Release|Win32
		{3D1EDCCE-C4D7-4E77-9E1C-1A689D188A9A}.Release|Win32.Build.0 = Release|Win32
		{3D1EDCCE-C4D7-4E77-9E1C-1A689D188A9A}.Release|x64.ActiveCfg = Release|x64
		{3D1EDCCE-C4D7-4E77-9E1C-1A689D188A9A}.Release|x64.Build.0 = Release|x64
		{3D1EDCCE-C4D7-4E77-9E1C-1A689D188A9A}.Release|x86.ActiveCfg = Release|x64
		{4EA86387-B057-402E-87CE-91D13AB661BD}.Core.Debug|Any CPU.ActiveCfg = Debug|x86
		{4EA86387-B057-402E-87CE-91D13AB661BD}.Core.Debug|Mixed Platforms.ActiveCfg = Debug|x86
		{4EA86387-B057-402E-87CE-91D13AB661BD}.Core.Debug|Mixed Platforms.Build.0 = Debug|x86
		{4EA86387-B057-402E-87CE-91D13AB661BD}.Core.Debug|Win32.ActiveCfg = Debug|x86
		{4EA86387-B057-402E-87CE-91D13AB661BD}.Core.Debug|x64.ActiveCfg = Debug|x86
		{4EA86387-B057-402E-87CE-91D13AB661BD}.Core.Debug|x86.ActiveCfg = Debug|x86
		{4EA86387-B057-402E-87CE-91D13AB661BD}.Core.Debug|x86.Build.0 = Debug|x86
		{4EA86387-B057-402E-87CE-91D13AB661BD}.Core.Release|Any CPU.ActiveCfg = Release|x86
		{4EA86387-B057-402E-87CE-91D13AB661BD}.Core.Release|Mixed Platforms.ActiveCfg = Release|x86
		{4EA86387-B057-402E-87CE-91D13AB661BD}.Core.Release|Mixed Platforms.Build.0 = Release|x86
		{4EA86387-B057-402E-87CE-91D13AB661BD}.Core.Release|Win32.ActiveCfg = Release|x86
		{4EA86387-B057-402E-87CE-91D13AB661BD}.Core.Release|x64.ActiveCfg = Release|x86
		{4EA86387-B057-402E-87CE-91D13AB661BD}.Core.Release|x86.ActiveCfg = Release|x86
		{4EA86387-B057-402E-87CE-91D13AB661BD}.Core.Release|x86.Build.0 = Release|x86
		{4EA86387-B057-402E-87CE-91D13AB661BD}.Debug|Any CPU.ActiveCfg = Debug|x86
		{4EA86387-B057-402E-87CE-91D13AB661BD}.Debug|Mixed Platforms.ActiveCfg = Debug|x86
		{4EA86387-B057-402E-87CE-91D13AB661BD}.Debug|Mixed Platforms.Build.0 = Debug|x86
		{4EA86387-B057-402E-87CE-91D13AB661BD}.Debug|Win32.ActiveCfg = Debug|x86
		{4EA86387-B057-402E-87CE-91D13AB661BD}.Debug|x64.ActiveCfg = Debug|x86
		{4EA86387-B057-402E-87CE-91D13AB661BD}.Debug|x86.ActiveCfg = Debug|x86
		{4EA86387-B057-402E-87CE-91D13AB661BD}.Debug|x86.Build.0 = Debug|x86
		{4EA86387-B057-402E-87CE-91D13AB661BD}.Full.Debug|Any CPU.ActiveCfg = Debug|x86
		{4EA86387-B057-402E-87CE-91D13AB661BD}.Full.Debug|Mixed Platforms.ActiveCfg = Debug|x86
		{4EA86387-B057-402E-87CE-91D13AB661BD}.Full.Debug|Mixed Platforms.Build.0 = Debug|x86
		{4EA86387-B057-402E-87CE-91D13AB661BD}.Full.Debug|Win32.ActiveCfg = Debug|x86
		{4EA86387-B057-402E-87CE-91D13AB661BD}.Full.Debug|x64.ActiveCfg = Debug|x86
		{4EA86387-B057-402E-87CE-91D13AB661BD}.Full.Debug|x86.ActiveCfg = Debug|x86
		{4EA86387-B057-402E-87CE-91D13AB661BD}.Full.Debug|x86.Build.0 = Debug|x86
		{4EA86387-B057-402E-87CE-91D13AB661BD}.Full.Release|Any CPU.ActiveCfg = Release|x86
		{4EA86387-B057-402E-87CE-91D13AB661BD}.Full.Release|Mixed Platforms.ActiveCfg = Release|x86
		{4EA86387-B057-402E-87CE-91D13AB661BD}.Full.Release|Mixed Platforms.Build.0 = Release|x86
		{4EA86387-B057-402E-87CE-91D13AB661BD}.Full.Release|Win32.ActiveCfg = Release|x86
		{4EA86387-B057-402E-87CE-91D13AB661BD}.Full.Release|x64.ActiveCfg = Release|x86
		{4EA86387-B057-402E-87CE-91D13AB661BD}.Full.Release|x86.ActiveCfg = Release|x86
		{4EA86387-B057-402E-87CE-91D13AB661BD}.Full.Release|x86.Build.0 = Release|x86
		{4EA86387-B057-402E-87CE-91D13AB661BD}.Interpreter.Debug|Any CPU.ActiveCfg = Debug|x86
		{4EA86387-B057-402E-87CE-91D13AB661BD}.Interpreter.Debug|Mixed Platforms.ActiveCfg = Debug|x86
		{4EA86387-B057-402E-87CE-91D13AB661BD}.Interpreter.Debug|Mixed Platforms.Build.0 = Debug|x86
		{4EA86387-B057-402E-87CE-91D13AB661BD}.Interpreter.Debug|Win32.ActiveCfg = Debug|x86
		{4EA86387-B057-402E-87CE-91D13AB661BD}.Interpreter.Debug|x64.ActiveCfg = Debug|x86
		{4EA86387-B057-402E-87CE-91D13AB661BD}.Interpreter.Debug|x86.ActiveCfg = Debug|x86
		{4EA86387-B057-402E-87CE-91D13AB661BD}.Interpreter.Debug|x86.Build.0 = Debug|x86
		{4EA86387-B057-402E-87CE-91D13AB661BD}.Interpreter.Release|Any CPU.ActiveCfg = Release|x86
		{4EA86387-B057-402E-87CE-91D13AB661BD}.Interpreter.Release|Mixed Platforms.ActiveCfg = Release|x86
		{4EA86387-B057-402E-87CE-91D13AB661BD}.Interpreter.Release|Mixed Platforms.Build.0 = Release|x86
		{4EA86387-B057-402E-87CE-91D13AB661BD}.Interpreter.Release|Win32.ActiveCfg = Release|x86
		{4EA86387-B057-402E-87CE-91D13AB661BD}.Interpreter.Release|x64.ActiveCfg = Release|x86
		{4EA86387-B057-402E-87CE-91D13AB661BD}.Interpreter.Release|x86.ActiveCfg = Release|x86
		{4EA86387-B057-402E-87CE-91D13AB661BD}.Interpreter.Release|x86.Build.0 = Release|x86
		{4EA86387-B057-402E-87CE-91D13AB661BD}.Plugins.Debug|Any CPU.ActiveCfg = Debug|x86
		{4EA86387-B057-402E-87CE-91D13AB661BD}.Plugins.Debug|Mixed Platforms.ActiveCfg = Debug|x86
		{4EA86387-B057-402E-87CE-91D13AB661BD}.Plugins.Debug|Mixed Platforms.Build.0 = Debug|x86
		{4EA86387-B057-402E-87CE-91D13AB661BD}.Plugins.Debug|Win32.ActiveCfg = Debug|x86
		{4EA86387-B057-402E-87CE-91D13AB661BD}.Plugins.Debug|x64.ActiveCfg = Debug|x86
		{4EA86387-B057-402E-87CE-91D13AB661BD}.Plugins.Debug|x86.ActiveCfg = Debug|x86
		{4EA86387-B057-402E-87CE-91D13AB661BD}.Plugins.Debug|x86.Build.0 = Debug|x86
		{4EA86387-B057-402E-87CE-91D13AB661BD}.Plugins.Release|Any CPU.ActiveCfg = Release|x86
		{4EA86387-B057-402E-87CE-91D13AB661BD}.Plugins.Release|Mixed Platforms.ActiveCfg = Release|x86
		{4EA86387-B057-402E-87CE-91D13AB661BD}.Plugins.Release|Mixed Platforms.Build.0 = Release|x86
		{4EA86387-B057-402E-87CE-91D13AB661BD}.Plugins.Release|Win32.ActiveCfg = Release|x86
		{4EA86387-B057-402E-87CE-91D13AB661BD}.Plugins.Release|x64.ActiveCfg = Release|x86
		{4EA86387-B057-402E-87CE-91D13AB661BD}.Plugins.Release|x86.ActiveCfg = Release|x86
		{4EA86387-B057-402E-87CE-91D13AB661BD}.Plugins.Release|x86.Build.0 = Release|x86
		{4EA86387-B057-402E-87CE-91D13AB661BD}.Release|Any CPU.ActiveCfg = Release|x86
		{4EA86387-B057-402E-87CE-91D13AB661BD}.Release|Mixed Platforms.ActiveCfg = Release|x86
		{4EA86387-B057-402E-87CE-91D13AB661BD}.Release|Mixed Platforms.Build.0 = Release|x86
		{4EA86387-B057-402E-87CE-91D13AB661BD}.Release|Win32.ActiveCfg = Release|x86
		{4EA86387-B057-402E-87CE-91D13AB661BD}.Release|x64.ActiveCfg = Release|x86
		{4EA86387-B057-402E-87CE-91D13AB661BD}.Release|x86.ActiveCfg = Release|x86
		{4EA86387-B057-402E-87CE-91D13AB661BD}.Release|x86.Build.0 = Release|x86
		{0CE7E319-6FA9-4F43-8F0D-63CF432C3B3B}.Core.Debug|Any CPU.ActiveCfg = Debug|Any CPU
		{0CE7E319-6FA9-4F43-8F0D-63CF432C3B3B}.Core.Debug|Any CPU.Build.0 = Debug|Any CPU
		{0CE7E319-6FA9-4F43-8F0D-63CF432C3B3B}.Core.Debug|Mixed Platforms.ActiveCfg = Debug|Any CPU
		{0CE7E319-6FA9-4F43-8F0D-63CF432C3B3B}.Core.Debug|Mixed Platforms.Build.0 = Debug|Any CPU
		{0CE7E319-6FA9-4F43-8F0D-63CF432C3B3B}.Core.Debug|Win32.ActiveCfg = Debug|Any CPU
		{0CE7E319-6FA9-4F43-8F0D-63CF432C3B3B}.Core.Debug|x64.ActiveCfg = Debug|Any CPU
		{0CE7E319-6FA9-4F43-8F0D-63CF432C3B3B}.Core.Debug|x86.ActiveCfg = Debug|Any CPU
		{0CE7E319-6FA9-4F43-8F0D-63CF432C3B3B}.Core.Release|Any CPU.ActiveCfg = Release|Any CPU
		{0CE7E319-6FA9-4F43-8F0D-63CF432C3B3B}.Core.Release|Any CPU.Build.0 = Release|Any CPU
		{0CE7E319-6FA9-4F43-8F0D-63CF432C3B3B}.Core.Release|Mixed Platforms.ActiveCfg = Release|Any CPU
		{0CE7E319-6FA9-4F43-8F0D-63CF432C3B3B}.Core.Release|Mixed Platforms.Build.0 = Release|Any CPU
		{0CE7E319-6FA9-4F43-8F0D-63CF432C3B3B}.Core.Release|Win32.ActiveCfg = Release|Any CPU
		{0CE7E319-6FA9-4F43-8F0D-63CF432C3B3B}.Core.Release|x64.ActiveCfg = Release|Any CPU
		{0CE7E319-6FA9-4F43-8F0D-63CF432C3B3B}.Core.Release|x86.ActiveCfg = Release|Any CPU
		{0CE7E319-6FA9-4F43-8F0D-63CF432C3B3B}.Debug|Any CPU.ActiveCfg = Debug|Any CPU
		{0CE7E319-6FA9-4F43-8F0D-63CF432C3B3B}.Debug|Any CPU.Build.0 = Debug|Any CPU
		{0CE7E319-6FA9-4F43-8F0D-63CF432C3B3B}.Debug|Mixed Platforms.ActiveCfg = Debug|Any CPU
		{0CE7E319-6FA9-4F43-8F0D-63CF432C3B3B}.Debug|Mixed Platforms.Build.0 = Debug|Any CPU
		{0CE7E319-6FA9-4F43-8F0D-63CF432C3B3B}.Debug|Win32.ActiveCfg = Debug|Any CPU
		{0CE7E319-6FA9-4F43-8F0D-63CF432C3B3B}.Debug|x64.ActiveCfg = Debug|Any CPU
		{0CE7E319-6FA9-4F43-8F0D-63CF432C3B3B}.Debug|x86.ActiveCfg = Debug|Any CPU
		{0CE7E319-6FA9-4F43-8F0D-63CF432C3B3B}.Full.Debug|Any CPU.ActiveCfg = Debug|Any CPU
		{0CE7E319-6FA9-4F43-8F0D-63CF432C3B3B}.Full.Debug|Any CPU.Build.0 = Debug|Any CPU
		{0CE7E319-6FA9-4F43-8F0D-63CF432C3B3B}.Full.Debug|Mixed Platforms.ActiveCfg = Debug|Any CPU
		{0CE7E319-6FA9-4F43-8F0D-63CF432C3B3B}.Full.Debug|Mixed Platforms.Build.0 = Debug|Any CPU
		{0CE7E319-6FA9-4F43-8F0D-63CF432C3B3B}.Full.Debug|Win32.ActiveCfg = Debug|Any CPU
		{0CE7E319-6FA9-4F43-8F0D-63CF432C3B3B}.Full.Debug|x64.ActiveCfg = Debug|Any CPU
		{0CE7E319-6FA9-4F43-8F0D-63CF432C3B3B}.Full.Debug|x86.ActiveCfg = Debug|Any CPU
		{0CE7E319-6FA9-4F43-8F0D-63CF432C3B3B}.Full.Release|Any CPU.ActiveCfg = Release|Any CPU
		{0CE7E319-6FA9-4F43-8F0D-63CF432C3B3B}.Full.Release|Any CPU.Build.0 = Release|Any CPU
		{0CE7E319-6FA9-4F43-8F0D-63CF432C3B3B}.Full.Release|Mixed Platforms.ActiveCfg = Release|Any CPU
		{0CE7E319-6FA9-4F43-8F0D-63CF432C3B3B}.Full.Release|Mixed Platforms.Build.0 = Release|Any CPU
		{0CE7E319-6FA9-4F43-8F0D-63CF432C3B3B}.Full.Release|Win32.ActiveCfg = Release|Any CPU
		{0CE7E319-6FA9-4F43-8F0D-63CF432C3B3B}.Full.Release|x64.ActiveCfg = Release|Any CPU
		{0CE7E319-6FA9-4F43-8F0D-63CF432C3B3B}.Full.Release|x86.ActiveCfg = Release|Any CPU
		{0CE7E319-6FA9-4F43-8F0D-63CF432C3B3B}.Interpreter.Debug|Any CPU.ActiveCfg = Debug|Any CPU
		{0CE7E319-6FA9-4F43-8F0D-63CF432C3B3B}.Interpreter.Debug|Any CPU.Build.0 = Debug|Any CPU
		{0CE7E319-6FA9-4F43-8F0D-63CF432C3B3B}.Interpreter.Debug|Mixed Platforms.ActiveCfg = Debug|Any CPU
		{0CE7E319-6FA9-4F43-8F0D-63CF432C3B3B}.Interpreter.Debug|Mixed Platforms.Build.0 = Debug|Any CPU
		{0CE7E319-6FA9-4F43-8F0D-63CF432C3B3B}.Interpreter.Debug|Win32.ActiveCfg = Debug|Any CPU
		{0CE7E319-6FA9-4F43-8F0D-63CF432C3B3B}.Interpreter.Debug|x64.ActiveCfg = Debug|Any CPU
		{0CE7E319-6FA9-4F43-8F0D-63CF432C3B3B}.Interpreter.Debug|x86.ActiveCfg = Debug|Any CPU
		{0CE7E319-6FA9-4F43-8F0D-63CF432C3B3B}.Interpreter.Release|Any CPU.ActiveCfg = Release|Any CPU
		{0CE7E319-6FA9-4F43-8F0D-63CF432C3B3B}.Interpreter.Release|Any CPU.Build.0 = Release|Any CPU
		{0CE7E319-6FA9-4F43-8F0D-63CF432C3B3B}.Interpreter.Release|Mixed Platforms.ActiveCfg = Release|Any CPU
		{0CE7E319-6FA9-4F43-8F0D-63CF432C3B3B}.Interpreter.Release|Mixed Platforms.Build.0 = Release|Any CPU
		{0CE7E319-6FA9-4F43-8F0D-63CF432C3B3B}.Interpreter.Release|Win32.ActiveCfg = Release|Any CPU
		{0CE7E319-6FA9-4F43-8F0D-63CF432C3B3B}.Interpreter.Release|x64.ActiveCfg = Release|Any CPU
		{0CE7E319-6FA9-4F43-8F0D-63CF432C3B3B}.Interpreter.Release|x86.ActiveCfg = Release|Any CPU
		{0CE7E319-6FA9-4F43-8F0D-63CF432C3B3B}.Plugins.Debug|Any CPU.ActiveCfg = Debug|Any CPU
		{0CE7E319-6FA9-4F43-8F0D-63CF432C3B3B}.Plugins.Debug|Any CPU.Build.0 = Debug|Any CPU
		{0CE7E319-6FA9-4F43-8F0D-63CF432C3B3B}.Plugins.Debug|Mixed Platforms.ActiveCfg = Debug|Any CPU
		{0CE7E319-6FA9-4F43-8F0D-63CF432C3B3B}.Plugins.Debug|Mixed Platforms.Build.0 = Debug|Any CPU
		{0CE7E319-6FA9-4F43-8F0D-63CF432C3B3B}.Plugins.Debug|Win32.ActiveCfg = Debug|Any CPU
		{0CE7E319-6FA9-4F43-8F0D-63CF432C3B3B}.Plugins.Debug|x64.ActiveCfg = Debug|Any CPU
		{0CE7E319-6FA9-4F43-8F0D-63CF432C3B3B}.Plugins.Debug|x86.ActiveCfg = Debug|Any CPU
		{0CE7E319-6FA9-4F43-8F0D-63CF432C3B3B}.Plugins.Release|Any CPU.ActiveCfg = Release|Any CPU
		{0CE7E319-6FA9-4F43-8F0D-63CF432C3B3B}.Plugins.Release|Any CPU.Build.0 = Release|Any CPU
		{0CE7E319-6FA9-4F43-8F0D-63CF432C3B3B}.Plugins.Release|Mixed Platforms.ActiveCfg = Release|Any CPU
		{0CE7E319-6FA9-4F43-8F0D-63CF432C3B3B}.Plugins.Release|Mixed Platforms.Build.0 = Release|Any CPU
		{0CE7E319-6FA9-4F43-8F0D-63CF432C3B3B}.Plugins.Release|Win32.ActiveCfg = Release|Any CPU
		{0CE7E319-6FA9-4F43-8F0D-63CF432C3B3B}.Plugins.Release|x64.ActiveCfg = Release|Any CPU
		{0CE7E319-6FA9-4F43-8F0D-63CF432C3B3B}.Plugins.Release|x86.ActiveCfg = Release|Any CPU
		{0CE7E319-6FA9-4F43-8F0D-63CF432C3B3B}.Release|Any CPU.ActiveCfg = Release|Any CPU
		{0CE7E319-6FA9-4F43-8F0D-63CF432C3B3B}.Release|Any CPU.Build.0 = Release|Any CPU
		{0CE7E319-6FA9-4F43-8F0D-63CF432C3B3B}.Release|Mixed Platforms.ActiveCfg = Release|Any CPU
		{0CE7E319-6FA9-4F43-8F0D-63CF432C3B3B}.Release|Mixed Platforms.Build.0 = Release|Any CPU
		{0CE7E319-6FA9-4F43-8F0D-63CF432C3B3B}.Release|Win32.ActiveCfg = Release|Any CPU
		{0CE7E319-6FA9-4F43-8F0D-63CF432C3B3B}.Release|x64.ActiveCfg = Release|Any CPU
		{0CE7E319-6FA9-4F43-8F0D-63CF432C3B3B}.Release|x86.ActiveCfg = Release|Any CPU
	EndGlobalSection
	GlobalSection(SolutionProperties) = preSolution
		HideSolutionNode = FALSE
	EndGlobalSection
EndGlobal
