
Microsoft Visual Studio Solution File, Format Version 11.00
# Visual Studio 2010
Project("{FAE04EC0-301F-11D3-BF4B-00C04F79EFBC}") = "SemanticLib.Core", "SemanticLib.Core\SemanticLib.Core.csproj", "{A8EF7F05-C852-4559-9EF3-E4FB56CC4469}"
EndProject
Project("{FAE04EC0-301F-11D3-BF4B-00C04F79EFBC}") = "SemanticLib.OpenXmlSdkPlugin", "SemanticLib.OpenXmlSdkPlugin\SemanticLib.OpenXmlSdkPlugin.csproj", "{BE23E486-DE59-429E-BB20-CBCA8F6E2690}"
EndProject
Project("{FAE04EC0-301F-11D3-BF4B-00C04F79EFBC}") = "SemanticLib", "SemanticLib\SemanticLib.csproj", "{490618C7-D745-4B4D-8204-66724E6F5896}"
EndProject
Project("{FAE04EC0-301F-11D3-BF4B-00C04F79EFBC}") = "Test", "Test\Test.csproj", "{DA5B1F03-4451-467B-8E17-1CE058EC3304}"
EndProject
Global
	GlobalSection(SolutionConfigurationPlatforms) = preSolution
		Debug|Any CPU = Debug|Any CPU
		Debug|Mixed Platforms = Debug|Mixed Platforms
		Debug|x86 = Debug|x86
		Release|Any CPU = Release|Any CPU
		Release|Mixed Platforms = Release|Mixed Platforms
		Release|x86 = Release|x86
	EndGlobalSection
	GlobalSection(ProjectConfigurationPlatforms) = postSolution
		{A8EF7F05-C852-4559-9EF3-E4FB56CC4469}.Debug|Any CPU.ActiveCfg = Debug|Any CPU
		{A8EF7F05-C852-4559-9EF3-E4FB56CC4469}.Debug|Any CPU.Build.0 = Debug|Any CPU
		{A8EF7F05-C852-4559-9EF3-E4FB56CC4469}.Debug|Mixed Platforms.ActiveCfg = Debug|Any CPU
		{A8EF7F05-C852-4559-9EF3-E4FB56CC4469}.Debug|Mixed Platforms.Build.0 = Debug|Any CPU
		{A8EF7F05-C852-4559-9EF3-E4FB56CC4469}.Debug|x86.ActiveCfg = Debug|Any CPU
		{A8EF7F05-C852-4559-9EF3-E4FB56CC4469}.Release|Any CPU.ActiveCfg = Release|Any CPU
		{A8EF7F05-C852-4559-9EF3-E4FB56CC4469}.Release|Any CPU.Build.0 = Release|Any CPU
		{A8EF7F05-C852-4559-9EF3-E4FB56CC4469}.Release|Mixed Platforms.ActiveCfg = Release|Any CPU
		{A8EF7F05-C852-4559-9EF3-E4FB56CC4469}.Release|Mixed Platforms.Build.0 = Release|Any CPU
		{A8EF7F05-C852-4559-9EF3-E4FB56CC4469}.Release|x86.ActiveCfg = Release|Any CPU
		{BE23E486-DE59-429E-BB20-CBCA8F6E2690}.Debug|Any CPU.ActiveCfg = Debug|Any CPU
		{BE23E486-DE59-429E-BB20-CBCA8F6E2690}.Debug|Any CPU.Build.0 = Debug|Any CPU
		{BE23E486-DE59-429E-BB20-CBCA8F6E2690}.Debug|Mixed Platforms.ActiveCfg = Debug|Any CPU
		{BE23E486-DE59-429E-BB20-CBCA8F6E2690}.Debug|Mixed Platforms.Build.0 = Debug|Any CPU
		{BE23E486-DE59-429E-BB20-CBCA8F6E2690}.Debug|x86.ActiveCfg = Debug|Any CPU
		{BE23E486-DE59-429E-BB20-CBCA8F6E2690}.Release|Any CPU.ActiveCfg = Release|Any CPU
		{BE23E486-DE59-429E-BB20-CBCA8F6E2690}.Release|Any CPU.Build.0 = Release|Any CPU
		{BE23E486-DE59-429E-BB20-CBCA8F6E2690}.Release|Mixed Platforms.ActiveCfg = Release|Any CPU
		{BE23E486-DE59-429E-BB20-CBCA8F6E2690}.Release|Mixed Platforms.Build.0 = Release|Any CPU
		{BE23E486-DE59-429E-BB20-CBCA8F6E2690}.Release|x86.ActiveCfg = Release|Any CPU
		{490618C7-D745-4B4D-8204-66724E6F5896}.Debug|Any CPU.ActiveCfg = Debug|Any CPU
		{490618C7-D745-4B4D-8204-66724E6F5896}.Debug|Any CPU.Build.0 = Debug|Any CPU
		{490618C7-D745-4B4D-8204-66724E6F5896}.Debug|Mixed Platforms.ActiveCfg = Debug|Any CPU
		{490618C7-D745-4B4D-8204-66724E6F5896}.Debug|Mixed Platforms.Build.0 = Debug|Any CPU
		{490618C7-D745-4B4D-8204-66724E6F5896}.Debug|x86.ActiveCfg = Debug|Any CPU
		{490618C7-D745-4B4D-8204-66724E6F5896}.Release|Any CPU.ActiveCfg = Release|Any CPU
		{490618C7-D745-4B4D-8204-66724E6F5896}.Release|Any CPU.Build.0 = Release|Any CPU
		{490618C7-D745-4B4D-8204-66724E6F5896}.Release|Mixed Platforms.ActiveCfg = Release|Any CPU
		{490618C7-D745-4B4D-8204-66724E6F5896}.Release|Mixed Platforms.Build.0 = Release|Any CPU
		{490618C7-D745-4B4D-8204-66724E6F5896}.Release|x86.ActiveCfg = Release|Any CPU
		{DA5B1F03-4451-467B-8E17-1CE058EC3304}.Debug|Any CPU.ActiveCfg = Debug|x86
		{DA5B1F03-4451-467B-8E17-1CE058EC3304}.Debug|Mixed Platforms.ActiveCfg = Debug|x86
		{DA5B1F03-4451-467B-8E17-1CE058EC3304}.Debug|Mixed Platforms.Build.0 = Debug|x86
		{DA5B1F03-4451-467B-8E17-1CE058EC3304}.Debug|x86.ActiveCfg = Debug|x86
		{DA5B1F03-4451-467B-8E17-1CE058EC3304}.Debug|x86.Build.0 = Debug|x86
		{DA5B1F03-4451-467B-8E17-1CE058EC3304}.Release|Any CPU.ActiveCfg = Release|x86
		{DA5B1F03-4451-467B-8E17-1CE058EC3304}.Release|Mixed Platforms.ActiveCfg = Release|x86
		{DA5B1F03-4451-467B-8E17-1CE058EC3304}.Release|Mixed Platforms.Build.0 = Release|x86
		{DA5B1F03-4451-467B-8E17-1CE058EC3304}.Release|x86.ActiveCfg = Release|x86
		{DA5B1F03-4451-467B-8E17-1CE058EC3304}.Release|x86.Build.0 = Release|x86
	EndGlobalSection
	GlobalSection(SolutionProperties) = preSolution
		HideSolutionNode = FALSE
	EndGlobalSection
EndGlobal
